# Generated by conda-lock.
# platform: linux-64
# input_hash: a90eaa0d47433a81b33097231642ca69bcab1afc96afdfde40138fc5b985b0c6
@EXPLICIT
https://repo.anaconda.com/pkgs/main/linux-64/_libgcc_mutex-0.1-main.conda#c3473ff8bdb3d124ed5ff11ec380d6f9
https://repo.anaconda.com/pkgs/main/noarch/_sysroot_linux-64_curr_repodata_hack-3-haa98f57_10.tar.bz2#3d11810264df927797876ba64fd2a714
https://repo.anaconda.com/pkgs/main/linux-64/blas-1.0-mkl.conda#9a7a051e9bd41da46523acb017d8a517
https://repo.anaconda.com/pkgs/main/linux-64/ca-certificates-2025.2.25-h06a4308_0.conda#495015d24da8ad929e3ae2d18571016d
https://conda.anaconda.org/nvidia/linux-64/cuda-cuobjdump-12.4.127-0.tar.bz2#001245d79965267fe26f742134bcbefd
https://conda.anaconda.org/nvidia/linux-64/cuda-cuxxfilt-12.4.127-0.tar.bz2#657cd4f3f23b5f3e09ce78737692dfea
https://conda.anaconda.org/nvidia/linux-64/cuda-documentation-12.4.127-0.tar.bz2#1410656e3b0350b35549c922c5dfdb53
https://conda.anaconda.org/nvidia/linux-64/cuda-nvcc-12.4.131-0.tar.bz2#3fbe761aaf3b7602f107f75008c3a4de
https://conda.anaconda.org/nvidia/linux-64/cuda-nvprune-12.4.127-0.tar.bz2#b50c01959e8cadfd2c6e85de154f39b2
https://repo.anaconda.com/pkgs/main/noarch/cuda-version-12.1-h1f5ad73_3.conda#63b2619192205183e914476e472209b4
https://repo.anaconda.com/pkgs/main/noarch/font-ttf-dejavu-sans-mono-2.37-hd3eb1b0_0.conda#95b5078cca69bdf9ac955895b9caf678
https://repo.anaconda.com/pkgs/main/noarch/font-ttf-inconsolata-2.001-hcb22688_0.conda#9e3fa1886c808910ecd9b9be64566410
https://repo.anaconda.com/pkgs/main/noarch/font-ttf-source-code-pro-2.030-hd3eb1b0_0.conda#eb091595cff4c5452f2f409c667aef55
https://repo.anaconda.com/pkgs/main/noarch/font-ttf-ubuntu-0.83-h8b1ccd4_0.conda#a5870ffd24048c1f10af06dd5d0bbe37
https://repo.anaconda.com/pkgs/main/linux-64/intel-openmp-2022.0.1-h06a4308_3633.conda#c9bf9cea63382b0c0cf1cbdfcc64942f
https://repo.anaconda.com/pkgs/main/linux-64/ld_impl_linux-64-2.40-h12ee557_0.conda#ee672b5f635340734f58d618b7bca024
https://conda.anaconda.org/nvidia/linux-64/libcublas-12.1.0.26-0.tar.bz2#74f872929a02e01ef746a064fa46a80c
https://conda.anaconda.org/nvidia/linux-64/libcufft-11.0.2.4-0.tar.bz2#b53f7ea28a363eb6d218bcbffb9d26aa
https://conda.anaconda.org/nvidia/linux-64/libcusolver-11.4.4.55-0.tar.bz2#2d2fe4a7af91ec8a1eee7f1f0cf7b050
https://conda.anaconda.org/nvidia/linux-64/libcusparse-12.0.2.55-0.tar.bz2#c295ea64ea0654af0cbe833431de6daa
https://conda.anaconda.org/nvidia/linux-64/libnpp-12.0.2.50-0.tar.bz2#072e390c1e0e4909bdd7508dd6af1474
https://conda.anaconda.org/nvidia/linux-64/libnvfatbin-12.4.127-0.tar.bz2#87530433a48cf2cf5385ba5d40630b77
https://conda.anaconda.org/nvidia/linux-64/libnvjpeg-12.1.1.14-0.tar.bz2#4dea93d43adfd03388b31f2ae9892558
https://conda.anaconda.org/nvidia/linux-64/libnvvm-samples-12.1.105-0.tar.bz2#50b049790eb60933f1dc99a88b3ea1ed
https://repo.anaconda.com/pkgs/main/linux-64/libstdcxx-devel_linux-64-11.2.0-h1234567_1.conda#1b838d355c9c962e0e822d0eda7564fa
https://conda.anaconda.org/nvidia/linux-64/nsight-compute-2024.1.1.4-0.tar.bz2#217ed2ff255f52cbef787aba3f9b9637
https://conda.anaconda.org/conda-forge/noarch/python_abi-3.10-7_cp310.conda#44e871cba2b162368476a84b8d040b6c
https://conda.anaconda.org/pytorch/noarch/pytorch-mutex-1.0-cuda.tar.bz2#a948316e36fb5b11223b3fcfa93f8358
https://repo.anaconda.com/pkgs/main/noarch/tzdata-2025b-h04d1e81_0.conda#1d027393db3427ab22a02aa44a56f143
https://conda.anaconda.org/conda-forge/noarch/wayland-protocols-1.43-hd8ed1ab_0.conda#15be7b62f44e0b7f18db7af4eded345d
https://conda.anaconda.org/conda-forge/noarch/cuda-cccl_linux-64-12.1.109-ha770c72_0.conda#d640e026b9bddf5341a053cbf38aad7d
https://conda.anaconda.org/conda-forge/noarch/cuda-cudart-static_linux-64-12.1.105-h59595ed_0.conda#37e192a1d033171e9a5830075825eb5f
https://conda.anaconda.org/conda-forge/noarch/cuda-cudart_linux-64-12.1.105-h59595ed_0.conda#f8229a887df2311217d1528cc205073b
https://conda.anaconda.org/conda-forge/noarch/cuda-driver-dev_linux-64-12.1.105-h59595ed_0.conda#14705fb9080b1cdbbd11a3015182c8a1
https://conda.anaconda.org/conda-forge/linux-64/cuda-nsight-12.1.105-ha770c72_0.conda#6abf6532b904a937e4b563b10dc68ceb
https://conda.anaconda.org/nvidia/linux-64/cuda-nsight-compute-12.4.1-0.tar.bz2#72b772f260afa08d99ef2fd15f035739
https://repo.anaconda.com/pkgs/main/noarch/fonts-anaconda-1-h8fa9717_0.conda#a5efad43de0590ada98f8bcf02ecbfe8
https://repo.anaconda.com/pkgs/main/noarch/kernel-headers_linux-64-3.10.0-h57e8cba_10.tar.bz2#e3bd6db33d8c10ba1f0ec109df503827
https://conda.anaconda.org/nvidia/linux-64/libcublas-dev-12.1.0.26-0.tar.bz2#41600d150d936797554be8c9ecec7570
https://conda.anaconda.org/nvidia/linux-64/libcufft-dev-11.0.2.4-0.tar.bz2#495aa4c22b1310d07ed07dd50b9d5ba6
https://conda.anaconda.org/nvidia/linux-64/libcusolver-dev-11.4.4.55-0.tar.bz2#6609c0761e659b5624211b929593b15a
https://conda.anaconda.org/nvidia/linux-64/libcusparse-dev-12.0.2.55-0.tar.bz2#f4b1cb0bdeabd4269a43fca8a762f0a2
https://repo.anaconda.com/pkgs/main/linux-64/libgcc-devel_linux-64-11.2.0-h1234567_1.conda#f667c768c8bfce044f2623c84321e2c5
https://conda.anaconda.org/conda-forge/linux-64/libgomp-15.1.0-h767d61c_2.conda#fbe7d535ff9d3a168c148e07358cd5b1
https://conda.anaconda.org/nvidia/linux-64/libnpp-dev-12.0.2.50-0.tar.bz2#82198411e06b54727a4faf94fb5c4711
https://conda.anaconda.org/nvidia/linux-64/libnvfatbin-dev-12.4.127-0.tar.bz2#528d384524d9edf2af48102c02177958
https://conda.anaconda.org/nvidia/linux-64/libnvjpeg-dev-12.1.1.14-0.tar.bz2#fceb4d4ef73aa88beac4899b61c8371e
https://conda.anaconda.org/conda-forge/linux-64/libnvjpeg-static-12.2.0.2-ha770c72_0.conda#2fec3ea62e0a2566bd01ee71515a8b26
https://repo.anaconda.com/pkgs/main/linux-64/_openmp_mutex-5.1-1_gnu.conda#71d281e9c2192cb3fa425655a8defb85
https://conda.anaconda.org/conda-forge/noarch/cuda-cudart-dev_linux-64-12.1.105-h59595ed_0.conda#62288e4d8c7ae6794a7989d62529e067
https://repo.anaconda.com/pkgs/main/noarch/fonts-conda-ecosystem-1-hd3eb1b0_0.conda#76790b62a799de73c4364f7cdc445583
https://repo.anaconda.com/pkgs/main/noarch/sysroot_linux-64-2.17-h57e8cba_10.tar.bz2#daa11b19c141284d62536ba03f4c73aa
https://conda.anaconda.org/conda-forge/linux-64/libgcc-15.1.0-h767d61c_2.conda#ea8ac52380885ed41c1baa8f1d6d2b93
https://conda.anaconda.org/conda-forge/linux-64/libexpat-2.7.0-h5888daf_0.conda#db0bfbe7dd197b68ad5f30333bae6ce0
https://conda.anaconda.org/conda-forge/linux-64/libgcc-ng-15.1.0-h69a702a_2.conda#ddca86c7040dd0e73b2b69bd7833d225
https://conda.anaconda.org/conda-forge/linux-64/libiconv-1.18-h4ce23a2_1.conda#e796ff8ddc598affdf7c173d6145f087
https://conda.anaconda.org/conda-forge/linux-64/liblzma-5.8.1-hb9d3cd8_1.conda#a76fd702c93cd2dfd89eff30a5fd45a8
https://conda.anaconda.org/conda-forge/linux-64/libstdcxx-15.1.0-h8f9b012_2.conda#1cb1c67961f6dd257eae9e9691b341aa
https://conda.anaconda.org/conda-forge/linux-64/libzlib-1.3.1-hb9d3cd8_2.conda#edb0dca6bc32e4f4789199455a1dbeb8
https://conda.anaconda.org/conda-forge/linux-64/ncurses-6.5-h2d0b736_3.conda#47e340acb35de30501a76c7c799c41d7
https://conda.anaconda.org/conda-forge/linux-64/openssl-3.5.0-h7b32b05_1.conda#de356753cfdbffcde5bb1e86e3aa6cd0
https://repo.anaconda.com/pkgs/main/linux-64/bzip2-1.0.8-h5eee18b_6.conda#f21a3ff51c1b271977f53ce956a69297
https://repo.anaconda.com/pkgs/main/linux-64/lame-3.100-h7b6447c_0.conda#477799f2a31e72dd949fa5c043a409de
https://repo.anaconda.com/pkgs/main/linux-64/libglvnd-1.7.0-h5eee18b_2.conda#f3eba19681d6f166f02a4004a8dac7d8
https://conda.anaconda.org/conda-forge/linux-64/libnsl-2.0.1-hd590300_0.conda#30fd6e37fe21f86f4bd26d6ee73eeec7
https://conda.anaconda.org/conda-forge/linux-64/libnuma-2.0.18-h4ab18f5_2.conda#a263760479dbc7bc1f3df12707bd90dc
https://repo.anaconda.com/pkgs/main/linux-64/libpciaccess-0.18-h5eee18b_0.conda#3fb177eab9ddfb4e4b94f2bef551e92a
https://conda.anaconda.org/conda-forge/linux-64/libpng-1.6.47-h943b412_0.conda#55199e2ae2c3651f6f9b2a447b47bdc9
https://conda.anaconda.org/conda-forge/linux-64/libsqlite-3.49.2-hee588c1_0.conda#93048463501053a00739215ea3f36324
https://conda.anaconda.org/conda-forge/linux-64/libstdcxx-ng-15.1.0-h4852527_2.conda#9d2072af184b5caa29492bf2344597bb
https://repo.anaconda.com/pkgs/main/linux-64/libtasn1-4.19.0-h5eee18b_0.conda#ad9cb0e2ebdf8e055ea5362d5374cc85
https://repo.anaconda.com/pkgs/main/linux-64/libunistring-0.9.10-h27cfd23_0.conda#5b6ed6cd1b1ca3a383daef1d6464d02a
https://conda.anaconda.org/conda-forge/linux-64/libuuid-2.38.1-h0b41bf4_0.conda#40b61aab5c7ba9ff276c41cfffe6b80b
https://conda.anaconda.org/conda-forge/linux-64/libxcrypt-4.4.36-hd590300_1.conda#5aa797f8787fe7a17d1b0821485b5adc
https://conda.anaconda.org/conda-forge/linux-64/llvm-openmp-15.0.7-h0cdce71_0.conda#589c9a3575a050b583241c3d688ad9aa
https://conda.anaconda.org/conda-forge/linux-64/nettle-3.9.1-h7ab15ed_0.conda#2bf1915cc107738811368afcb0993a59
https://repo.anaconda.com/pkgs/main/linux-64/ocl-icd-2.3.2-h5eee18b_1.conda#81e9f0bc469acfa3cd76b6c0440e2fd7
https://repo.anaconda.com/pkgs/main/linux-64/pthread-stubs-0.3-h0ce48e5_1.conda#973a642312d2a28927aaf5b477c67250
https://repo.anaconda.com/pkgs/main/linux-64/readline-8.2-h5eee18b_0.conda#be42180685cce6e6b0329201d9f48efb
https://conda.anaconda.org/conda-forge/linux-64/tk-8.6.13-noxft_h4845f30_101.conda#d453b98d9c83e71da0741bb0ff4d76bc
https://conda.anaconda.org/conda-forge/linux-64/x264-1!164.3095-h166bdaf_2.tar.bz2#6c99772d483f566d59e25037fea2c4b1
https://repo.anaconda.com/pkgs/main/linux-64/xorg-libxau-1.0.12-h9b100fa_0.conda#a8005a9f6eb903e113cd5363e8a11459
https://repo.anaconda.com/pkgs/main/linux-64/xorg-libxdmcp-1.1.5-h9b100fa_0.conda#c284a09ddfba81d9c4e740110f09ea06
https://repo.anaconda.com/pkgs/main/linux-64/xorg-xorgproto-2024.1-h5eee18b_1.conda#412a0d97a7a51d23326e57226189da92
https://repo.anaconda.com/pkgs/main/linux-64/yaml-0.2.5-h7b6447c_0.conda#39fdbf4db769e494ffb06d95680c83d8
https://conda.anaconda.org/conda-forge/linux-64/aom-3.6.1-h59595ed_0.conda#8457db6d1175ee86c8e077f6ac60ff55
https://repo.anaconda.com/pkgs/main/linux-64/binutils_impl_linux-64-2.40-h5293946_0.conda#4e917a1cfafd2ac6c5b47fb17f6e2ab6
https://conda.anaconda.org/conda-forge/linux-64/cuda-cudart-12.1.105-hd3aeb46_0.conda#e2ab3aeff4d18c82b3e7025a2ec3cecc
https://conda.anaconda.org/conda-forge/linux-64/cuda-cudart-static-12.1.105-hd3aeb46_0.conda#29e15ce1da487d2b68c24bad00a35cf9
https://conda.anaconda.org/conda-forge/linux-64/cuda-cupti-12.1.105-h59595ed_0.conda#37400196a2a9d83a1a79ed763189ce32
https://conda.anaconda.org/conda-forge/linux-64/cuda-driver-dev-12.1.105-hd3aeb46_0.conda#578428d046e59baac4d0c53191c645f1
https://conda.anaconda.org/conda-forge/linux-64/cuda-nvdisasm-12.1.105-h59595ed_0.conda#b1c5aaa3238027331d40fe2ec24647de
https://conda.anaconda.org/conda-forge/linux-64/cuda-nvml-dev-12.1.105-h59595ed_0.conda#63fe5485cb401716b5a6cad454612b11
https://conda.anaconda.org/conda-forge/linux-64/cuda-nvrtc-12.1.105-hd3aeb46_0.conda#361041b17b31f25e60ac43127f52bd3a
https://conda.anaconda.org/conda-forge/linux-64/cuda-nvrtc-static-12.1.105-hd3aeb46_0.conda#1371c888dc0b4103fc8b5921873ecae5
https://conda.anaconda.org/conda-forge/linux-64/cuda-nvtx-12.1.105-h59595ed_0.conda#a8e1192335156d6e0a8972794cd1da49
https://conda.anaconda.org/conda-forge/linux-64/cuda-opencl-12.1.105-h59595ed_0.conda#f2589b459bbf72de590aea9383a2568a
https://conda.anaconda.org/conda-forge/linux-64/cuda-sanitizer-api-12.1.105-h59595ed_0.conda#ad2fcc948dd12049800ad1f7846b3b73
https://repo.anaconda.com/pkgs/main/linux-64/gmp-6.3.0-h6a678d5_0.conda#90977af48eb673fed9ac42bf2e49c9aa
https://conda.anaconda.org/conda-forge/linux-64/icu-75.1-he02047a_0.conda#8b189310083baabfb622af68fd9d3ae3
https://conda.anaconda.org/conda-forge/linux-64/libcufft-static-11.0.2.54-hd3aeb46_0.conda#a7093f8617f2f479c718e3061b872ae5
https://conda.anaconda.org/conda-forge/linux-64/libcufile-1.6.1.9-hd3aeb46_0.conda#9a58d214028c01750eaa2cd07386150d
https://conda.anaconda.org/conda-forge/linux-64/libcufile-static-1.6.1.9-hd3aeb46_0.conda#053012ad831e81da32a5d67066d25503
https://conda.anaconda.org/conda-forge/linux-64/libcurand-10.3.2.106-hd3aeb46_0.conda#1bd892b578e3bfb7fb482c943ed3d904
https://conda.anaconda.org/conda-forge/linux-64/libcurand-static-10.3.2.106-hd3aeb46_0.conda#50e9fcc2587da5d834845758583a9baf
https://repo.anaconda.com/pkgs/main/linux-64/libdrm-2.4.124-h5eee18b_0.conda#bc0b730361c5dba0f15bdc2797e0f94d
https://repo.anaconda.com/pkgs/main/linux-64/libegl-1.7.0-h5eee18b_2.conda#0eadce0a2d6fb311004306f75266b0d3
https://repo.anaconda.com/pkgs/main/linux-64/libffi-3.4.4-h6a678d5_1.conda#70646cc713f0c43926cfdcfe9b695fe0
https://conda.anaconda.org/conda-forge/linux-64/libfreetype6-2.13.3-h48d6fc4_1.conda#3c255be50a506c50765a93a6644f32fe
https://repo.anaconda.com/pkgs/main/linux-64/libidn2-2.3.4-h5eee18b_0.conda#2bd46aa89ec576ad787afcdd93e5eafb
https://conda.anaconda.org/conda-forge/linux-64/libnpp-static-12.1.0.40-hd3aeb46_0.conda#9f208f1fb6c9cf0579bb8baeca3c6e3a
https://conda.anaconda.org/conda-forge/linux-64/libnvjitlink-12.1.105-hd3aeb46_0.conda#ed70b41cca6446cab43b0069bf17bd9c
https://conda.anaconda.org/conda-forge/linux-64/libnvjitlink-static-12.1.105-hd3aeb46_0.conda#91248dfbfe8c87ae7ddb6c7293e01596
https://repo.anaconda.com/pkgs/main/linux-64/libvpx-1.13.1-h6a678d5_0.conda#880008a9747bd63e1e739fc7218ecd0f
https://repo.anaconda.com/pkgs/main/linux-64/libxcb-1.17.0-h9b100fa_0.conda#fdf0d380fa3809a301e2dbc0d5183883
https://repo.anaconda.com/pkgs/main/linux-64/mkl-2022.1.0-hc2b9512_224.conda#5fdbbe9486d8b48f9cec4f31758c5680
https://conda.anaconda.org/conda-forge/linux-64/openh264-2.3.1-hcb278e6_2.conda#37d01894f256b2a6921c5a218f42f8a2
https://conda.anaconda.org/conda-forge/linux-64/svt-av1-1.4.1-hcb278e6_0.conda#2b32b8a10fa6ec9c18c897c4527720dc
https://conda.anaconda.org/conda-forge/linux-64/x265-3.5-h924138e_3.tar.bz2#e7f6ed84d4623d52ee581325c1587a6b
https://repo.anaconda.com/pkgs/main/linux-64/binutils-2.40-h1680402_0.conda#8f04d5d760c63776493550364782f42e
https://repo.anaconda.com/pkgs/main/linux-64/binutils_linux-64-2.40.0-hc2dff05_2.conda#60c04e920959e3988c668e3cedf40974
https://conda.anaconda.org/conda-forge/linux-64/cuda-cudart-dev-12.1.105-hd3aeb46_0.conda#ba2ee80dc44b4de42041a874b5ab85cf
https://conda.anaconda.org/conda-forge/linux-64/cuda-cupti-dev-12.1.105-h59595ed_0.conda#ecaa66c3c4fb496e30e6c618986e9814
https://conda.anaconda.org/conda-forge/linux-64/cuda-gdb-12.1.105-hd47b8d6_0.conda#2e94ddb871ce9c38370690b5e95e409c
https://conda.anaconda.org/nvidia/linux-64/cuda-libraries-12.1.0-0.tar.bz2#8c08238819848e471a6213db526dbf15
https://conda.anaconda.org/conda-forge/linux-64/cuda-nvprof-12.1.105-h59595ed_0.conda#92c822e4c3c55ac5903b63ef6b011f31
https://conda.anaconda.org/conda-forge/linux-64/cuda-nvrtc-dev-12.1.105-hd3aeb46_0.conda#61656359894dc7a53687a2c79598cb72
https://conda.anaconda.org/conda-forge/linux-64/cuda-opencl-dev-12.1.105-h59595ed_0.conda#e14556d67000f7c22bef809ca5fb9bcf
https://repo.anaconda.com/pkgs/main/linux-64/gcc_impl_linux-64-11.2.0-h1234567_1.conda#d3fa9d40b5dcc3f227b78bf2fdc2bf2c
https://conda.anaconda.org/conda-forge/linux-64/gds-tools-1.6.1.9-hd3aeb46_0.conda#06d6e92c8fc443cdd9f23c4f41c5743d
https://conda.anaconda.org/conda-forge/linux-64/libblas-3.9.0-16_linux64_mkl.tar.bz2#85f61af03fd291dae33150ffe89dc09a
https://conda.anaconda.org/conda-forge/linux-64/libcublas-static-12.1.3.1-hd3aeb46_0.conda#850786d06a5a46e65a477b5e34de6430
https://conda.anaconda.org/conda-forge/linux-64/libcufile-dev-1.6.1.9-hd3aeb46_0.conda#c15eddb34679667b9e8a0b7fe61f38a5
https://conda.anaconda.org/conda-forge/linux-64/libcurand-dev-10.3.2.106-hd3aeb46_0.conda#1c62f5ddc2f8cb754e52d13d77d77f52
https://conda.anaconda.org/conda-forge/linux-64/libcusparse-static-12.1.0.106-hd3aeb46_0.conda#a25d91245e71dc8af7089e8acad52aab
https://conda.anaconda.org/conda-forge/linux-64/libfreetype-2.13.3-ha770c72_1.conda#51f5be229d83ecd401fb369ab96ae669
https://conda.anaconda.org/conda-forge/linux-64/libnvjitlink-dev-12.1.105-hd3aeb46_0.conda#bcfc4b26f152ceea67dbdeee02aaaf77
https://conda.anaconda.org/conda-forge/linux-64/libxml2-2.13.8-h4bc477f_0.conda#14dbe05b929e329dbaa6f2d0aa19466d
https://repo.anaconda.com/pkgs/main/linux-64/mpfr-4.2.1-h5eee18b_0.conda#eb7ccb111d9f20ad9b26113b0bdb8356
https://conda.anaconda.org/conda-forge/linux-64/p11-kit-0.24.1-hc5aa10d_0.tar.bz2#56ee94e34b71742bbdfa832c974e47a8
https://conda.anaconda.org/conda-forge/linux-64/python-3.10.17-hd6af730_0_cpython.conda#7bb89638dae9ce1b8e051d0b721e83c2
https://conda.anaconda.org/conda-forge/linux-64/wayland-1.23.1-h3e06ad9_0.conda#0a732427643ae5e0486a727927791da1
https://repo.anaconda.com/pkgs/main/linux-64/xorg-libx11-1.8.12-h9b100fa_1.conda#6298b27afae6f49f03765b2a03df2fcb
https://conda.anaconda.org/conda-forge/linux-64/cuda-command-line-tools-12.1.1-ha770c72_0.conda#4d1864bbb9dea317f2beed28d90c1258
https://conda.anaconda.org/conda-forge/linux-64/cuda-nvvp-12.1.105-h59595ed_0.conda#4914a74e929bd391a7adeacc39d6b6ad
https://conda.anaconda.org/conda-forge/linux-64/cuda-profiler-api-12.1.105-ha770c72_0.conda#c7a6ffb7849e9e5a3471f60c576fe598
https://conda.anaconda.org/nvidia/linux-64/cuda-runtime-12.1.0-0.tar.bz2#95e8c2f09ec28cce7cdecd6200b5d26e
https://repo.anaconda.com/pkgs/main/linux-64/filelock-3.17.0-py310h06a4308_0.conda#63f25402cb992e9e411429d75e777475
https://conda.anaconda.org/conda-forge/linux-64/freetype-2.13.3-ha770c72_1.conda#9ccd736d31e0c6e41f54e704e5312811
https://conda.anaconda.org/conda-forge/noarch/fsspec-2025.3.0-pyhd8ed1ab_0.conda#5ecafd654e33d1f2ecac5ec97057593b
https://repo.anaconda.com/pkgs/main/linux-64/gcc_linux-64-11.2.0-h5c386dc_2.conda#6693c6ca75867dbabf271415bd5ed81a
https://conda.anaconda.org/conda-forge/linux-64/gnutls-3.7.9-hb077bed_0.conda#33eded89024f21659b1975886a4acf70
https://repo.anaconda.com/pkgs/main/linux-64/gxx_impl_linux-64-11.2.0-h1234567_1.conda#ec50e36f61b272654fc17378c7b0b33d
https://conda.anaconda.org/conda-forge/linux-64/libcblas-3.9.0-16_linux64_mkl.tar.bz2#361bf757b95488de76c4f123805742d3
https://conda.anaconda.org/conda-forge/linux-64/libcusolver-static-11.4.5.107-hd3aeb46_0.conda#335b2e923bc86324a90eb6ae6abb8c3c
https://repo.anaconda.com/pkgs/main/linux-64/libglx-1.7.0-h5eee18b_2.conda#b6abf858983a525781ca1c16d10c102f
https://conda.anaconda.org/conda-forge/linux-64/liblapack-3.9.0-16_linux64_mkl.tar.bz2#a2f166748917d6d6e4707841ca1f519e
https://repo.anaconda.com/pkgs/main/linux-64/markupsafe-3.0.2-py310h5eee18b_0.conda#968c95cc112c6eb5c11ae980b0c92aa5
https://repo.anaconda.com/pkgs/main/linux-64/mpc-1.3.1-h5eee18b_0.conda#38c390d8dfac3d949fd8f5861a92cf1e
https://repo.anaconda.com/pkgs/main/linux-64/mpmath-1.3.0-py310h06a4308_0.conda#c2ef44c97672251ca5cb95abc0a5324e
https://repo.anaconda.com/pkgs/main/linux-64/networkx-3.4.2-py310h06a4308_0.conda#cafe00b05e7991e003a174486e625080
https://repo.anaconda.com/pkgs/main/linux-64/pyyaml-6.0.2-py310h5eee18b_0.conda#c4281651115e7150d7ec96b1c33fb948
https://repo.anaconda.com/pkgs/main/linux-64/setuptools-78.1.1-py310h06a4308_0.conda#08e7b8667fba78a78d0811083aa19e31
https://repo.anaconda.com/pkgs/main/linux-64/typing_extensions-4.12.2-py310h06a4308_0.conda#1c613d5f0909542de272aa78cda283c4
https://repo.anaconda.com/pkgs/main/linux-64/wheel-0.45.1-py310h06a4308_0.conda#c7517b367f4a5a73ff88a8e888492ca8
https://repo.anaconda.com/pkgs/main/linux-64/xorg-libxext-1.3.6-h9b100fa_0.conda#d810521a7b4a177fb3d1152cf84a778d
https://repo.anaconda.com/pkgs/main/linux-64/xorg-libxfixes-6.0.1-h9b100fa_0.conda#fa64eda9f118bbea3cd862ec85b0e630
https://conda.anaconda.org/nvidia/linux-64/cuda-libraries-dev-12.6.2-0.conda#5b7158ef6fd3533928116d8559790792
https://conda.anaconda.org/conda-forge/linux-64/cuda-libraries-static-12.1.1-ha770c72_0.conda#f958507040f016b0f98a17b7d509e0d8
https://conda.anaconda.org/conda-forge/linux-64/fontconfig-2.15.0-h7e30c49_1.conda#8f5b0b297b59e1ac160ad4beec99dbee
https://repo.anaconda.com/pkgs/main/linux-64/gmpy2-2.2.1-py310h5eee18b_0.conda#721fce4f900474d342cc68c108d568bc
https://repo.anaconda.com/pkgs/main/linux-64/gxx_linux-64-11.2.0-hc2dff05_2.conda#28e1e7cd042adb3376be1c379172c705
https://repo.anaconda.com/pkgs/main/linux-64/jinja2-3.1.6-py310h06a4308_0.conda#5e949106d53437257687016461746505
https://repo.anaconda.com/pkgs/main/linux-64/libgl-1.7.0-h5eee18b_2.conda#a24ab3a87b7dddb3dd9502b44d2c5238
https://conda.anaconda.org/conda-forge/linux-64/numpy-1.26.4-py310hb13e2d6_0.conda#6593de64c935768b6bad3e19b3e978be
https://repo.anaconda.com/pkgs/main/noarch/pip-25.1-pyhc872135_2.conda#2778327d2a700153fefe0e69438b18e1
https://conda.anaconda.org/pytorch/linux-64/pytorch-cuda-12.1-ha16c6d3_6.tar.bz2#0e94331f6f87bff1c229da02b0508693
https://repo.anaconda.com/pkgs/main/linux-64/cuda-compiler-12.4.1-h6a678d5_1.conda#37b7254e6a6472a264b39f4c336aa2e4
https://conda.anaconda.org/nvidia/linux-64/cuda-visual-tools-12.1.1-0.tar.bz2#cc1597f709c0e22803272a42c8faec2f
https://conda.anaconda.org/conda-forge/linux-64/libva-2.22.0-h4f16b4b_2.conda#2c65566e79dc11318ce689c656fb551c
https://repo.anaconda.com/pkgs/main/linux-64/sympy-1.13.3-py310h06a4308_1.conda#74574e5fd5578963e6480f71730aff09
https://conda.anaconda.org/conda-forge/linux-64/cuda-tools-12.1.1-ha770c72_0.conda#e814a6bd0d934e2f9f0f27074c14b6c1
https://conda.anaconda.org/conda-forge/linux-64/ffmpeg-4.4.2-gpl_hdf48244_113.conda#08d463a9d1f6ce078a25ac96eb9e2083
https://conda.anaconda.org/nvidia/linux-64/cuda-toolkit-12.1.0-0.tar.bz2#bb876165ea7f246620641bbbcbcd78a0
https://conda.anaconda.org/pytorch/linux-64/pytorch-2.5.1-py3.10_cuda12.1_cudnn9.1.0_0.tar.bz2#322b10d99cafee218202960b2b660a60
https://conda.anaconda.org/pytorch/linux-64/torchaudio-2.5.1-py310_cu121.tar.bz2#b03c436311fdc469616358a32150ddeb
https://conda.anaconda.org/pytorch/linux-64/torchtriton-3.1.0-py310.tar.bz2#364255085c91240128e1be1934a43983
