# Generated by conda-lock.
# platform: linux-64
# input_hash: b49e80e7c078b18eda31b59aa0a9fcc6a8cfddfc980a368b861d7d278bff634f
@EXPLICIT
https://repo.anaconda.com/pkgs/main/linux-64/blas-1.0-mkl.conda#9a7a051e9bd41da46523acb017d8a517
https://repo.anaconda.com/pkgs/main/linux-64/ca-certificates-2025.2.25-h06a4308_0.conda#495015d24da8ad929e3ae2d18571016d
https://repo.anaconda.com/pkgs/main/noarch/font-ttf-dejavu-sans-mono-2.37-hd3eb1b0_0.conda#95b5078cca69bdf9ac955895b9caf678
https://repo.anaconda.com/pkgs/main/noarch/font-ttf-inconsolata-2.001-hcb22688_0.conda#9e3fa1886c808910ecd9b9be64566410
https://repo.anaconda.com/pkgs/main/noarch/font-ttf-source-code-pro-2.030-hd3eb1b0_0.conda#eb091595cff4c5452f2f409c667aef55
https://repo.anaconda.com/pkgs/main/noarch/font-ttf-ubuntu-0.83-h8b1ccd4_0.conda#a5870ffd24048c1f10af06dd5d0bbe37
https://repo.anaconda.com/pkgs/main/linux-64/ld_impl_linux-64-2.40-h12ee557_0.conda#ee672b5f635340734f58d618b7bca024
https://conda.anaconda.org/pytorch/noarch/pytorch-mutex-1.0-cpu.tar.bz2#49565ed726991fd28d08a39885caa88d
https://repo.anaconda.com/pkgs/main/noarch/tzdata-2025b-h04d1e81_0.conda#1d027393db3427ab22a02aa44a56f143
https://conda.anaconda.org/conda-forge/noarch/wayland-protocols-1.43-hd8ed1ab_0.conda#15be7b62f44e0b7f18db7af4eded345d
https://repo.anaconda.com/pkgs/main/noarch/fonts-anaconda-1-h8fa9717_0.conda#a5efad43de0590ada98f8bcf02ecbfe8
https://conda.anaconda.org/conda-forge/linux-64/llvm-openmp-20.1.4-h024ca30_0.conda#4fc395cda27912a7d904b86b5dbf3a4d
https://conda.anaconda.org/conda-forge/linux-64/_openmp_mutex-4.5-3_kmp_llvm.conda#ee5c2118262e30b972bc0b4db8ef0ba5
https://repo.anaconda.com/pkgs/main/noarch/fonts-conda-ecosystem-1-hd3eb1b0_0.conda#76790b62a799de73c4364f7cdc445583
https://conda.anaconda.org/conda-forge/linux-64/libgcc-15.1.0-h767d61c_2.conda#ea8ac52380885ed41c1baa8f1d6d2b93
https://conda.anaconda.org/conda-forge/linux-64/c-ares-1.34.5-hb9d3cd8_0.conda#f7f0d6cc2dc986d42ac2689ec88192be
https://conda.anaconda.org/conda-forge/linux-64/gettext-tools-0.24.1-h5888daf_0.conda#d54305672f0361c2f3886750e7165b5f
https://conda.anaconda.org/conda-forge/linux-64/libexpat-2.7.0-h5888daf_0.conda#db0bfbe7dd197b68ad5f30333bae6ce0
https://conda.anaconda.org/conda-forge/linux-64/libffi-3.4.6-h2dba641_1.conda#ede4673863426c0883c0063d853bbd85
https://conda.anaconda.org/conda-forge/linux-64/libgcc-ng-15.1.0-h69a702a_2.conda#ddca86c7040dd0e73b2b69bd7833d225
https://conda.anaconda.org/conda-forge/linux-64/libgettextpo-0.24.1-h5888daf_0.conda#2ee6d71b72f75d50581f2f68e965efdb
https://conda.anaconda.org/conda-forge/linux-64/liblzma-5.8.1-hb9d3cd8_1.conda#a76fd702c93cd2dfd89eff30a5fd45a8
https://conda.anaconda.org/conda-forge/linux-64/libstdcxx-15.1.0-h8f9b012_2.conda#1cb1c67961f6dd257eae9e9691b341aa
https://conda.anaconda.org/conda-forge/linux-64/libzlib-1.3.1-hb9d3cd8_2.conda#edb0dca6bc32e4f4789199455a1dbeb8
https://conda.anaconda.org/conda-forge/linux-64/ncurses-6.5-h2d0b736_3.conda#47e340acb35de30501a76c7c799c41d7
https://conda.anaconda.org/conda-forge/linux-64/openssl-3.5.0-h7b32b05_1.conda#de356753cfdbffcde5bb1e86e3aa6cd0
https://conda.anaconda.org/conda-forge/linux-64/xorg-libxau-1.0.12-hb9d3cd8_0.conda#f6ebe2cb3f82ba6c057dde5d9debe4f7
https://repo.anaconda.com/pkgs/main/linux-64/bzip2-1.0.8-h5eee18b_6.conda#f21a3ff51c1b271977f53ce956a69297
https://repo.anaconda.com/pkgs/main/linux-64/lame-3.100-h7b6447c_0.conda#477799f2a31e72dd949fa5c043a409de
https://conda.anaconda.org/conda-forge/linux-64/libasprintf-0.24.1-h8e693c7_0.conda#57566a81dd1e5aa3d98ac7582e8bfe03
https://repo.anaconda.com/pkgs/main/linux-64/libedit-3.1.20230828-h5eee18b_0.conda#850eb5a9d2d7d3c66cce12e84406ca08
https://repo.anaconda.com/pkgs/main/linux-64/libev-4.33-h7f8727e_1.conda#5065620db4393fb549f30114a33897d1
https://conda.anaconda.org/conda-forge/linux-64/libgettextpo-devel-0.24.1-h5888daf_0.conda#8f04c7aae6a46503bc36d1ed5abc8c7c
https://repo.anaconda.com/pkgs/main/linux-64/libglvnd-1.7.0-h5eee18b_2.conda#f3eba19681d6f166f02a4004a8dac7d8
https://conda.anaconda.org/conda-forge/linux-64/libiconv-1.17-hd590300_2.conda#d66573916ffcf376178462f1b61c941e
https://conda.anaconda.org/conda-forge/linux-64/libnsl-2.0.1-hd590300_0.conda#30fd6e37fe21f86f4bd26d6ee73eeec7
https://repo.anaconda.com/pkgs/main/linux-64/libogg-1.3.5-h27cfd23_1.conda#710ee7fdb0ddf7591a5af7ca7eb4d73d
https://repo.anaconda.com/pkgs/main/linux-64/libopus-1.3.1-h5eee18b_1.conda#83bc63d6d9c9f636e0ae5c10fdc2bbe2
https://repo.anaconda.com/pkgs/main/linux-64/libpciaccess-0.18-h5eee18b_0.conda#3fb177eab9ddfb4e4b94f2bef551e92a
https://conda.anaconda.org/conda-forge/linux-64/libpng-1.6.47-h943b412_0.conda#55199e2ae2c3651f6f9b2a447b47bdc9
https://conda.anaconda.org/conda-forge/linux-64/libsqlite-3.49.2-hee588c1_0.conda#93048463501053a00739215ea3f36324
https://conda.anaconda.org/conda-forge/linux-64/libssh2-1.11.1-hcf80075_0.conda#eecce068c7e4eddeb169591baac20ac4
https://conda.anaconda.org/conda-forge/linux-64/libstdcxx-ng-15.1.0-h4852527_2.conda#9d2072af184b5caa29492bf2344597bb
https://repo.anaconda.com/pkgs/main/linux-64/libtasn1-4.19.0-h5eee18b_0.conda#ad9cb0e2ebdf8e055ea5362d5374cc85
https://repo.anaconda.com/pkgs/main/linux-64/libunistring-0.9.10-h27cfd23_0.conda#5b6ed6cd1b1ca3a383daef1d6464d02a
https://conda.anaconda.org/conda-forge/linux-64/libuuid-2.38.1-h0b41bf4_0.conda#40b61aab5c7ba9ff276c41cfffe6b80b
https://conda.anaconda.org/conda-forge/linux-64/libxcrypt-4.4.36-hd590300_1.conda#5aa797f8787fe7a17d1b0821485b5adc
https://conda.anaconda.org/conda-forge/linux-64/mpg123-1.32.9-hc50e24c_0.conda#c7f302fd11eeb0987a6a5e1f3aed6a21
https://conda.anaconda.org/conda-forge/linux-64/nettle-3.9.1-h7ab15ed_0.conda#2bf1915cc107738811368afcb0993a59
https://repo.anaconda.com/pkgs/main/linux-64/perl-5.38.2-0_h5eee18b_perl5.conda#c8bcc1fa06125c665b37b3c5fd4240b0
https://repo.anaconda.com/pkgs/main/linux-64/pthread-stubs-0.3-h0ce48e5_1.conda#973a642312d2a28927aaf5b477c67250
https://repo.anaconda.com/pkgs/main/linux-64/readline-8.2-h5eee18b_0.conda#be42180685cce6e6b0329201d9f48efb
https://conda.anaconda.org/conda-forge/linux-64/tk-8.6.13-noxft_h4845f30_101.conda#d453b98d9c83e71da0741bb0ff4d76bc
https://conda.anaconda.org/conda-forge/linux-64/wayland-1.23.1-h3e06ad9_1.conda#a37843723437ba75f42c9270ffe800b1
https://conda.anaconda.org/conda-forge/linux-64/x264-1!164.3095-h166bdaf_2.tar.bz2#6c99772d483f566d59e25037fea2c4b1
https://repo.anaconda.com/pkgs/main/linux-64/xorg-libxdmcp-1.1.5-h9b100fa_0.conda#c284a09ddfba81d9c4e740110f09ea06
https://repo.anaconda.com/pkgs/main/linux-64/xorg-xorgproto-2024.1-h5eee18b_1.conda#412a0d97a7a51d23326e57226189da92
https://conda.anaconda.org/conda-forge/linux-64/zstd-1.5.7-hb8e6e7a_2.conda#6432cb5d4ac0046c3ac0a8a0f95842f9
https://conda.anaconda.org/conda-forge/linux-64/aom-3.6.1-h59595ed_0.conda#8457db6d1175ee86c8e077f6ac60ff55
https://repo.anaconda.com/pkgs/main/linux-64/gmp-6.3.0-h6a678d5_0.conda#90977af48eb673fed9ac42bf2e49c9aa
https://repo.anaconda.com/pkgs/main/linux-64/krb5-1.21.3-h143b758_0.conda#683d151e2759efbb51b5553c932664f7
https://conda.anaconda.org/conda-forge/linux-64/libasprintf-devel-0.24.1-h8e693c7_0.conda#8f66ed2e34507b7ae44afa31c3e4ec79
https://repo.anaconda.com/pkgs/main/linux-64/libdrm-2.4.124-h5eee18b_0.conda#bc0b730361c5dba0f15bdc2797e0f94d
https://repo.anaconda.com/pkgs/main/linux-64/libegl-1.7.0-h5eee18b_2.conda#0eadce0a2d6fb311004306f75266b0d3
https://conda.anaconda.org/conda-forge/linux-64/libfreetype6-2.13.3-h48d6fc4_1.conda#3c255be50a506c50765a93a6644f32fe
https://repo.anaconda.com/pkgs/main/linux-64/libidn2-2.3.4-h5eee18b_0.conda#2bd46aa89ec576ad787afcdd93e5eafb
https://conda.anaconda.org/conda-forge/linux-64/libnghttp2-1.64.0-h161d5f1_0.conda#19e57602824042dfd0446292ef90488b
https://repo.anaconda.com/pkgs/main/linux-64/libvorbis-1.3.7-h7b6447c_0.conda#66711b855c73a5ac42127ad8789b6cf3
https://repo.anaconda.com/pkgs/main/linux-64/libvpx-1.13.1-h6a678d5_0.conda#880008a9747bd63e1e739fc7218ecd0f
https://repo.anaconda.com/pkgs/main/linux-64/libxcb-1.17.0-h9b100fa_0.conda#fdf0d380fa3809a301e2dbc0d5183883
https://conda.anaconda.org/conda-forge/linux-64/libxml2-2.13.5-h0d44e9d_1.conda#f5b05674697ae7d2c5932766695945e1
https://conda.anaconda.org/conda-forge/linux-64/openh264-2.3.1-hcb278e6_2.conda#37d01894f256b2a6921c5a218f42f8a2
https://conda.anaconda.org/conda-forge/linux-64/p11-kit-0.24.1-hc5aa10d_0.tar.bz2#56ee94e34b71742bbdfa832c974e47a8
https://conda.anaconda.org/conda-forge/linux-64/pcre2-10.44-hc749103_2.conda#31614c73d7b103ef76faa4d83d261d34
https://conda.anaconda.org/conda-forge/linux-64/python-3.11.12-h9e4cc4f_0_cpython.conda#b61d4fbf583b8393d9d00ec106ad3658
https://conda.anaconda.org/conda-forge/linux-64/svt-av1-1.4.1-hcb278e6_0.conda#2b32b8a10fa6ec9c18c897c4527720dc
https://repo.anaconda.com/pkgs/main/linux-64/tbb-2021.8.0-hdb19cb5_0.conda#869373905a6bfacbb967abc98516dd85
https://conda.anaconda.org/conda-forge/linux-64/x265-3.5-h924138e_3.tar.bz2#e7f6ed84d4623d52ee581325c1587a6b
https://repo.anaconda.com/pkgs/main/linux-64/filelock-3.17.0-py311h06a4308_0.conda#23ca2aa41efa6797acb658ea0ac1ddf8
https://conda.anaconda.org/conda-forge/linux-64/gettext-0.24.1-h5888daf_0.conda#c63e7590d4d6f4c85721040ed8b12888
https://conda.anaconda.org/conda-forge/linux-64/gnutls-3.7.9-hb077bed_0.conda#33eded89024f21659b1975886a4acf70
https://conda.anaconda.org/conda-forge/linux-64/libcurl-8.13.0-h332b0f4_0.conda#cbdc92ac0d93fe3c796e36ad65c7905c
https://conda.anaconda.org/conda-forge/linux-64/libfreetype-2.13.3-ha770c72_1.conda#51f5be229d83ecd401fb369ab96ae669
https://repo.anaconda.com/pkgs/main/linux-64/markupsafe-3.0.2-py311h5eee18b_0.conda#42511bb05fa3d128bd6f669a074467a8
https://conda.anaconda.org/conda-forge/linux-64/mkl-2023.2.0-h84fe81f_50496.conda#81d4a1a57d618adf0152db973d93b2ad
https://repo.anaconda.com/pkgs/main/linux-64/mpfr-4.2.1-h5eee18b_0.conda#eb7ccb111d9f20ad9b26113b0bdb8356
https://repo.anaconda.com/pkgs/main/linux-64/mpmath-1.3.0-py311h06a4308_0.conda#e2f6a2e4b7ab3cad40e70dd0960d9007
https://repo.anaconda.com/pkgs/main/linux-64/networkx-3.4.2-py311h06a4308_0.conda#a5b1b00a9b0108520ce3d2095e7a31ea
https://repo.anaconda.com/pkgs/main/linux-64/setuptools-78.1.1-py311h06a4308_0.conda#50d3e7f720acdaf3cd132cc646801c40
https://repo.anaconda.com/pkgs/main/linux-64/typing_extensions-4.12.2-py311h06a4308_0.conda#fdf167c9495c06f1a75490a46f2b40f4
https://repo.anaconda.com/pkgs/main/linux-64/wheel-0.45.1-py311h06a4308_0.conda#7b4e94840008c93c945377afd3629a1c
https://repo.anaconda.com/pkgs/main/linux-64/xorg-libx11-1.8.12-h9b100fa_1.conda#6298b27afae6f49f03765b2a03df2fcb
https://conda.anaconda.org/conda-forge/linux-64/freetype-2.13.3-ha770c72_1.conda#9ccd736d31e0c6e41f54e704e5312811
https://conda.anaconda.org/conda-forge/linux-64/git-2.48.1-pl5321h59d505e_0.conda#f72d5757e89397a3a12dc6ad2ab65e8d
https://repo.anaconda.com/pkgs/main/linux-64/jinja2-3.1.6-py311h06a4308_0.conda#c0f497b47ddf3b127dd2620bd184d8b3
https://conda.anaconda.org/conda-forge/linux-64/libflac-1.4.3-h59595ed_0.conda#ee48bf17cc83a00f59ca1494d5646869
https://repo.anaconda.com/pkgs/main/linux-64/libglx-1.7.0-h5eee18b_2.conda#b6abf858983a525781ca1c16d10c102f
https://repo.anaconda.com/pkgs/main/linux-64/mkl-service-2.4.0-py311h5eee18b_2.conda#bae5f2f44fbdc51045491e13a976c47f
https://repo.anaconda.com/pkgs/main/linux-64/mpc-1.3.1-h5eee18b_0.conda#38c390d8dfac3d949fd8f5861a92cf1e
https://repo.anaconda.com/pkgs/main/noarch/pip-25.1-pyhc872135_2.conda#2778327d2a700153fefe0e69438b18e1
https://repo.anaconda.com/pkgs/main/linux-64/xorg-libxext-1.3.6-h9b100fa_0.conda#d810521a7b4a177fb3d1152cf84a778d
https://repo.anaconda.com/pkgs/main/linux-64/xorg-libxfixes-6.0.1-h9b100fa_0.conda#fa64eda9f118bbea3cd862ec85b0e630
https://conda.anaconda.org/conda-forge/linux-64/fontconfig-2.15.0-h7e30c49_1.conda#8f5b0b297b59e1ac160ad4beec99dbee
https://repo.anaconda.com/pkgs/main/linux-64/gmpy2-2.2.1-py311h5eee18b_0.conda#ea6604d9865b1ae8caace37781733f94
https://repo.anaconda.com/pkgs/main/linux-64/libgl-1.7.0-h5eee18b_2.conda#a24ab3a87b7dddb3dd9502b44d2c5238
https://conda.anaconda.org/conda-forge/linux-64/libsndfile-1.2.2-hc60ed4a_1.conda#ef1910918dd895516a769ed36b5b3a4e
https://repo.anaconda.com/pkgs/main/linux-64/numpy-base-1.26.4-py311hf175353_0.conda#a119656989e2b0b92fdc52c02b638e66
https://conda.anaconda.org/conda-forge/linux-64/libva-2.22.0-h4f16b4b_2.conda#2c65566e79dc11318ce689c656fb551c
https://repo.anaconda.com/pkgs/main/linux-64/sympy-1.13.3-py311h06a4308_1.conda#ce300c58939f1aecb8a207c360d9ed4a
https://conda.anaconda.org/conda-forge/linux-64/ffmpeg-4.4.2-gpl_hdf48244_113.conda#08d463a9d1f6ce078a25ac96eb9e2083
https://conda.anaconda.org/pytorch/linux-64/pytorch-2.0.1-py3.11_cpu_0.tar.bz2#9af6a2b0a78d00ede97b2cccfced8998
https://repo.anaconda.com/pkgs/main/linux-64/mkl_fft-1.3.11-py311h5eee18b_0.conda#3d3108468f811ee4a73a809f35d59cdd
https://repo.anaconda.com/pkgs/main/linux-64/mkl_random-1.2.8-py311ha02d727_0.conda#25330f9e94305c6d3d82625ca8178150
https://repo.anaconda.com/pkgs/main/linux-64/numpy-1.26.4-py311h08b1b3b_0.conda#506eaf849fe7c235be9f6778c6109ba1
https://conda.anaconda.org/pytorch/linux-64/torchaudio-2.0.2-py311_cpu.tar.bz2#06f8cc4a68dc7f627aa037f82329a360
