# Generated by conda-lock.
# platform: linux-64
# input_hash: 2909249bc0c174da565930e1fbfbf28748ef94450eb6b7e2f156467bac533e46
@EXPLICIT
https://repo.anaconda.com/pkgs/main/linux-64/_libgcc_mutex-0.1-main.conda#c3473ff8bdb3d124ed5ff11ec380d6f9
https://repo.anaconda.com/pkgs/main/linux-64/blas-1.0-mkl.conda#9a7a051e9bd41da46523acb017d8a517
https://repo.anaconda.com/pkgs/main/linux-64/ca-certificates-2025.2.25-h06a4308_0.conda#495015d24da8ad929e3ae2d18571016d
https://repo.anaconda.com/pkgs/main/linux-64/ld_impl_linux-64-2.40-h12ee557_0.conda#ee672b5f635340734f58d618b7bca024
https://conda.anaconda.org/pytorch/noarch/pytorch-mutex-1.0-cuda.tar.bz2#a948316e36fb5b11223b3fcfa93f8358
https://repo.anaconda.com/pkgs/main/noarch/tzdata-2025b-h04d1e81_0.conda#1d027393db3427ab22a02aa44a56f143
https://repo.anaconda.com/pkgs/main/linux-64/libgomp-11.2.0-h1234567_1.conda#b372c0eea9b60732fdae4b817a63c8cd
https://repo.anaconda.com/pkgs/main/linux-64/libstdcxx-ng-11.2.0-h1234567_1.conda#57623d10a70e09e1d048c2b2b6f4e2dd
https://repo.anaconda.com/pkgs/main/linux-64/_openmp_mutex-5.1-1_gnu.conda#71d281e9c2192cb3fa425655a8defb85
https://repo.anaconda.com/pkgs/main/linux-64/libgcc-ng-11.2.0-h1234567_1.conda#a87728dabf3151fb9cfa990bd2eb0464
https://repo.anaconda.com/pkgs/main/linux-64/bzip2-1.0.8-h5eee18b_6.conda#f21a3ff51c1b271977f53ce956a69297
https://repo.anaconda.com/pkgs/main/linux-64/cudatoolkit-11.3.1-h2bc3f7f_2.conda#ec7241a3939c49e0f071ff0409bb438f
https://repo.anaconda.com/pkgs/main/linux-64/libffi-3.4.4-h6a678d5_1.conda#70646cc713f0c43926cfdcfe9b695fe0
https://repo.anaconda.com/pkgs/main/linux-64/libuuid-1.41.5-h5eee18b_0.conda#4a6a2354414c9080327274aa514e5299
https://repo.anaconda.com/pkgs/main/linux-64/libuv-1.48.0-h5eee18b_0.conda#b25533c0b9f7789b73014df2d8f83f84
https://repo.anaconda.com/pkgs/main/linux-64/ncurses-6.4-h6a678d5_0.conda#5558eec6e2191741a92f832ea826251c
https://repo.anaconda.com/pkgs/main/linux-64/openssl-3.0.16-h5eee18b_0.conda#5875526739afa058cfa84da1fa7a2ef4
https://repo.anaconda.com/pkgs/main/linux-64/tbb-2021.8.0-hdb19cb5_0.conda#869373905a6bfacbb967abc98516dd85
https://repo.anaconda.com/pkgs/main/linux-64/xz-5.6.4-h5eee18b_1.conda#3581505fa450962d631bd82b8616350e
https://repo.anaconda.com/pkgs/main/linux-64/zlib-1.2.13-h5eee18b_1.conda#92e42d8310108b0a440fb2e60b2b2a25
https://repo.anaconda.com/pkgs/main/linux-64/intel-openmp-2023.1.0-hdb19cb5_46306.conda#8c3c1916f770196bf998c8310178ae55
https://repo.anaconda.com/pkgs/main/linux-64/readline-8.2-h5eee18b_0.conda#be42180685cce6e6b0329201d9f48efb
https://repo.anaconda.com/pkgs/main/linux-64/tk-8.6.14-h39e8969_0.conda#78dbc5e3c69143ebc037fc5d5b22e597
https://repo.anaconda.com/pkgs/main/linux-64/mkl-2023.1.0-h213fc3f_46344.conda#83e5adf5b75242d8d7634615fed37c72
https://repo.anaconda.com/pkgs/main/linux-64/sqlite-3.45.3-h5eee18b_0.conda#acf93d6aceb74d6110e20b44cc45939e
https://repo.anaconda.com/pkgs/main/linux-64/python-3.10.16-he870216_1.conda#2e23313e7401de5e071765ad2fba894e
https://repo.anaconda.com/pkgs/main/linux-64/mkl-service-2.4.0-py310h5eee18b_2.conda#ef0f3506b9df015714ab0a5f6ed7a86a
https://repo.anaconda.com/pkgs/main/linux-64/setuptools-72.1.0-py310h06a4308_0.conda#206274155cba77012d984b975f79b7ba
https://repo.anaconda.com/pkgs/main/linux-64/typing_extensions-4.12.2-py310h06a4308_0.conda#1c613d5f0909542de272aa78cda283c4
https://repo.anaconda.com/pkgs/main/linux-64/wheel-0.45.1-py310h06a4308_0.conda#c7517b367f4a5a73ff88a8e888492ca8
https://repo.anaconda.com/pkgs/main/linux-64/numpy-base-2.2.4-py310hee5b745_0.conda#e0efc80f3cfafbdf2e2dcd1440b267f1
https://repo.anaconda.com/pkgs/main/noarch/pip-25.1-pyhc872135_2.conda#2778327d2a700153fefe0e69438b18e1
https://conda.anaconda.org/pytorch/linux-64/pytorch-1.11.0-py3.10_cuda11.3_cudnn8.2.0_0.tar.bz2#ee6e7ae711ac7b5be013161e669834ae
https://repo.anaconda.com/pkgs/main/linux-64/mkl_fft-1.3.11-py310h5eee18b_0.conda#7451c60b55bf0afdb0b800bd64ae1878
https://repo.anaconda.com/pkgs/main/linux-64/mkl_random-1.2.8-py310h1128e8f_0.conda#544b7651071f0d27f86e3227e1f2c5d0
https://repo.anaconda.com/pkgs/main/linux-64/numpy-2.2.4-py310h23a989f_0.conda#9de1cd3780d77d07e1e6be7bc570b375
https://conda.anaconda.org/pytorch/linux-64/torchaudio-0.11.0-py310_cu113.tar.bz2#be679e2bc3797cfb8cc7f2d431dd3f6f
