# Generated by conda-lock.
# platform: linux-64
# input_hash: a455c9e36259257b59a6ff5a66b3584f232a4aa23aaefaba84f957fddea6f000
@EXPLICIT
https://repo.anaconda.com/pkgs/main/linux-64/_libgcc_mutex-0.1-main.conda#c3473ff8bdb3d124ed5ff11ec380d6f9
https://repo.anaconda.com/pkgs/main/linux-64/blas-1.0-mkl.conda#9a7a051e9bd41da46523acb017d8a517
https://repo.anaconda.com/pkgs/main/linux-64/ca-certificates-2025.2.25-h06a4308_0.conda#495015d24da8ad929e3ae2d18571016d
https://repo.anaconda.com/pkgs/main/noarch/font-ttf-dejavu-sans-mono-2.37-hd3eb1b0_0.conda#95b5078cca69bdf9ac955895b9caf678
https://repo.anaconda.com/pkgs/main/noarch/font-ttf-inconsolata-2.001-hcb22688_0.conda#9e3fa1886c808910ecd9b9be64566410
https://repo.anaconda.com/pkgs/main/noarch/font-ttf-source-code-pro-2.030-hd3eb1b0_0.conda#eb091595cff4c5452f2f409c667aef55
https://repo.anaconda.com/pkgs/main/noarch/font-ttf-ubuntu-0.83-h8b1ccd4_0.conda#a5870ffd24048c1f10af06dd5d0bbe37
https://repo.anaconda.com/pkgs/main/linux-64/ld_impl_linux-64-2.40-h12ee557_0.conda#ee672b5f635340734f58d618b7bca024
https://conda.anaconda.org/pytorch/noarch/pytorch-mutex-1.0-cuda.tar.bz2#a948316e36fb5b11223b3fcfa93f8358
https://repo.anaconda.com/pkgs/main/noarch/tzdata-2025b-h04d1e81_0.conda#1d027393db3427ab22a02aa44a56f143
https://repo.anaconda.com/pkgs/main/noarch/fonts-anaconda-1-h8fa9717_0.conda#a5efad43de0590ada98f8bcf02ecbfe8
https://conda.anaconda.org/conda-forge/linux-64/libgomp-15.1.0-h767d61c_2.conda#fbe7d535ff9d3a168c148e07358cd5b1
https://repo.anaconda.com/pkgs/main/linux-64/_openmp_mutex-5.1-1_gnu.conda#71d281e9c2192cb3fa425655a8defb85
https://repo.anaconda.com/pkgs/main/noarch/fonts-conda-ecosystem-1-hd3eb1b0_0.conda#76790b62a799de73c4364f7cdc445583
https://conda.anaconda.org/conda-forge/linux-64/libgcc-15.1.0-h767d61c_2.conda#ea8ac52380885ed41c1baa8f1d6d2b93
https://conda.anaconda.org/conda-forge/linux-64/libgcc-ng-15.1.0-h69a702a_2.conda#ddca86c7040dd0e73b2b69bd7833d225
https://conda.anaconda.org/conda-forge/linux-64/libstdcxx-15.1.0-h8f9b012_2.conda#1cb1c67961f6dd257eae9e9691b341aa
https://repo.anaconda.com/pkgs/main/linux-64/bzip2-1.0.8-h5eee18b_6.conda#f21a3ff51c1b271977f53ce956a69297
https://repo.anaconda.com/pkgs/main/linux-64/c-ares-1.19.1-h5eee18b_0.conda#6cfbce52273a1cb888821f18ceaa83c4
https://repo.anaconda.com/pkgs/main/linux-64/lame-3.100-h7b6447c_0.conda#477799f2a31e72dd949fa5c043a409de
https://repo.anaconda.com/pkgs/main/linux-64/libev-4.33-h7f8727e_1.conda#5065620db4393fb549f30114a33897d1
https://repo.anaconda.com/pkgs/main/linux-64/libpciaccess-0.18-h5eee18b_0.conda#3fb177eab9ddfb4e4b94f2bef551e92a
https://conda.anaconda.org/conda-forge/linux-64/libstdcxx-ng-15.1.0-h4852527_2.conda#9d2072af184b5caa29492bf2344597bb
https://repo.anaconda.com/pkgs/main/linux-64/libtasn1-4.19.0-h5eee18b_0.conda#ad9cb0e2ebdf8e055ea5362d5374cc85
https://repo.anaconda.com/pkgs/main/linux-64/libunistring-0.9.10-h27cfd23_0.conda#5b6ed6cd1b1ca3a383daef1d6464d02a
https://conda.anaconda.org/conda-forge/linux-64/libuuid-2.38.1-h0b41bf4_0.conda#40b61aab5c7ba9ff276c41cfffe6b80b
https://repo.anaconda.com/pkgs/main/linux-64/libxcb-1.15-h7f8727e_0.conda#ada518dcadd6aaee9aae47ba9a671553
https://conda.anaconda.org/conda-forge/linux-64/libzlib-1.2.13-h4ab18f5_6.conda#27329162c0dc732bcf67a4e0cd488125
https://repo.anaconda.com/pkgs/main/linux-64/ncurses-6.4-h6a678d5_0.conda#5558eec6e2191741a92f832ea826251c
https://conda.anaconda.org/conda-forge/linux-64/nettle-3.9.1-h7ab15ed_0.conda#2bf1915cc107738811368afcb0993a59
https://repo.anaconda.com/pkgs/main/linux-64/openssl-3.0.16-h5eee18b_0.conda#5875526739afa058cfa84da1fa7a2ef4
https://repo.anaconda.com/pkgs/main/linux-64/perl-5.38.2-0_h5eee18b_perl5.conda#c8bcc1fa06125c665b37b3c5fd4240b0
https://conda.anaconda.org/conda-forge/linux-64/x264-1!164.3095-h166bdaf_2.tar.bz2#6c99772d483f566d59e25037fea2c4b1
https://repo.anaconda.com/pkgs/main/linux-64/xorg-kbproto-1.0.7-h5eee18b_1003.conda#70b78a83628c41942b8dfcc330135870
https://repo.anaconda.com/pkgs/main/linux-64/xorg-xextproto-7.3.0-h5eee18b_1004.conda#f92d51acb849905823504194f5abaf7c
https://repo.anaconda.com/pkgs/main/linux-64/xorg-xproto-7.0.31-h5eee18b_1008.conda#73398b6be5d4183cddb3adcf32487dc5
https://repo.anaconda.com/pkgs/main/linux-64/xz-5.6.4-h5eee18b_1.conda#3581505fa450962d631bd82b8616350e
https://conda.anaconda.org/conda-forge/linux-64/aom-3.6.1-h59595ed_0.conda#8457db6d1175ee86c8e077f6ac60ff55
https://conda.anaconda.org/nvidia/linux-64/cudatoolkit-11.6.0-habf752d_9.tar.bz2#7fc9adc5b632d9cbaf6e761d4bd90ca3
https://repo.anaconda.com/pkgs/main/linux-64/expat-2.7.1-h6a678d5_0.conda#269942a9f3f943e2e5d8a2516a861f7c
https://repo.anaconda.com/pkgs/main/linux-64/gmp-6.3.0-h6a678d5_0.conda#90977af48eb673fed9ac42bf2e49c9aa
https://repo.anaconda.com/pkgs/main/linux-64/icu-73.1-h6a678d5_0.conda#6d09df641fc23f7d277a04dc7ea32dd4
https://repo.anaconda.com/pkgs/main/linux-64/libdrm-2.4.124-h5eee18b_0.conda#bc0b730361c5dba0f15bdc2797e0f94d
https://repo.anaconda.com/pkgs/main/linux-64/libedit-3.1.20230828-h5eee18b_0.conda#850eb5a9d2d7d3c66cce12e84406ca08
https://repo.anaconda.com/pkgs/main/linux-64/libffi-3.4.4-h6a678d5_1.conda#70646cc713f0c43926cfdcfe9b695fe0
https://repo.anaconda.com/pkgs/main/linux-64/libidn2-2.3.4-h5eee18b_0.conda#2bd46aa89ec576ad787afcdd93e5eafb
https://repo.anaconda.com/pkgs/main/linux-64/libvpx-1.13.1-h6a678d5_0.conda#880008a9747bd63e1e739fc7218ecd0f
https://repo.anaconda.com/pkgs/main/linux-64/lz4-c-1.9.4-h6a678d5_1.conda#2ee58861f2b92b868ce761abb831819d
https://conda.anaconda.org/conda-forge/linux-64/openh264-2.3.1-hcb278e6_2.conda#37d01894f256b2a6921c5a218f42f8a2
https://repo.anaconda.com/pkgs/main/linux-64/readline-8.2-h5eee18b_0.conda#be42180685cce6e6b0329201d9f48efb
https://conda.anaconda.org/conda-forge/linux-64/svt-av1-1.4.1-hcb278e6_0.conda#2b32b8a10fa6ec9c18c897c4527720dc
https://repo.anaconda.com/pkgs/main/linux-64/tbb-2021.8.0-hdb19cb5_0.conda#869373905a6bfacbb967abc98516dd85
https://conda.anaconda.org/conda-forge/linux-64/x265-3.5-h924138e_3.tar.bz2#e7f6ed84d4623d52ee581325c1587a6b
https://conda.anaconda.org/conda-forge/linux-64/xorg-fixesproto-5.0-hb9d3cd8_1003.conda#19fe37721037acc0a1ed76b8cf937359
https://conda.anaconda.org/conda-forge/linux-64/xorg-libx11-1.8.9-h8ee46fc_0.conda#077b6e8ad6a3ddb741fce2496dd01bec
https://conda.anaconda.org/conda-forge/linux-64/zlib-1.2.13-h4ab18f5_6.conda#559d338a4234c2ad6e676f460a093e67
https://repo.anaconda.com/pkgs/main/linux-64/intel-openmp-2023.1.0-hdb19cb5_46306.conda#8c3c1916f770196bf998c8310178ae55
https://repo.anaconda.com/pkgs/main/linux-64/krb5-1.20.1-h143b758_1.conda#cf1accc86321fa25d6b978cc748039ae
https://repo.anaconda.com/pkgs/main/linux-64/libnghttp2-1.57.0-h2d74bed_0.conda#674871621300f54e7ffcf93e6e341638
https://repo.anaconda.com/pkgs/main/linux-64/libpng-1.6.39-h5eee18b_0.conda#f6aee38184512eb05b06c2e94d39ab22
https://repo.anaconda.com/pkgs/main/linux-64/libssh2-1.11.1-h251f7ec_0.conda#dd68c24355431c0543339dda1404129d
https://repo.anaconda.com/pkgs/main/linux-64/libxml2-2.13.8-hfdd30dd_0.conda#6da89b526f12f128af101c3f70d12c6d
https://conda.anaconda.org/conda-forge/linux-64/p11-kit-0.24.1-hc5aa10d_0.tar.bz2#56ee94e34b71742bbdfa832c974e47a8
https://repo.anaconda.com/pkgs/main/linux-64/pcre2-10.42-hebb0a14_1.conda#727e15c3cfa02b032da4eb0c1123e977
https://repo.anaconda.com/pkgs/main/linux-64/sqlite-3.45.3-h5eee18b_0.conda#acf93d6aceb74d6110e20b44cc45939e
https://repo.anaconda.com/pkgs/main/linux-64/tk-8.6.14-h39e8969_0.conda#78dbc5e3c69143ebc037fc5d5b22e597
https://conda.anaconda.org/conda-forge/linux-64/xorg-libxext-1.3.4-h0b41bf4_2.conda#82b6df12252e6f32402b96dacc656fec
https://conda.anaconda.org/conda-forge/linux-64/xorg-libxfixes-5.0.3-h7f98852_1004.tar.bz2#e9a21aa4d5e3e5f1aed71e8cefd46b6a
https://repo.anaconda.com/pkgs/main/linux-64/zstd-1.5.6-hc292b87_0.conda#78ae7abd3020b41f827b35085845e1b8
https://repo.anaconda.com/pkgs/main/linux-64/freetype-2.13.3-h4a9f257_0.conda#47113ca1b80dae5fcf0715571267fdef
https://repo.anaconda.com/pkgs/main/linux-64/gettext-0.21.0-hedfda30_2.conda#2428b016a86d039c07438cad7f1f878a
https://conda.anaconda.org/conda-forge/linux-64/gnutls-3.7.9-hb077bed_0.conda#33eded89024f21659b1975886a4acf70
https://repo.anaconda.com/pkgs/main/linux-64/libcurl-8.12.1-hc9e6f67_0.conda#2904da5e450707a95d420b55b6b88d19
https://conda.anaconda.org/conda-forge/linux-64/libva-2.21.0-h4ab18f5_2.conda#109300f4eeeb8a61498283565106b474
https://repo.anaconda.com/pkgs/main/linux-64/mkl-2023.1.0-h213fc3f_46344.conda#83e5adf5b75242d8d7634615fed37c72
https://repo.anaconda.com/pkgs/main/linux-64/python-3.9.21-he870216_1.conda#e935765184feecf22809820eeaa1d574
https://repo.anaconda.com/pkgs/main/linux-64/curl-8.12.1-h251f7ec_0.conda#ec8d55b10c781114257cea6ff3a0331d
https://conda.anaconda.org/conda-forge/linux-64/fontconfig-2.14.2-h14ed4e7_0.conda#0f69b688f52ff6da70bccb7ff7001d1d
https://repo.anaconda.com/pkgs/main/linux-64/mkl-service-2.4.0-py39h5eee18b_2.conda#f08e51024792ddc988b385b1ce4f759c
https://repo.anaconda.com/pkgs/main/linux-64/setuptools-78.1.1-py39h06a4308_0.conda#40f63c0c825c106a2e92fd4eb1b139b4
https://repo.anaconda.com/pkgs/main/linux-64/tqdm-4.67.1-py39h2f386ee_0.conda#4006b40f05f36b155f093cd574dc76f8
https://repo.anaconda.com/pkgs/main/linux-64/typing_extensions-4.12.2-py39h06a4308_0.conda#654872c0d5cfe49448a4233fd35a39a4
https://repo.anaconda.com/pkgs/main/linux-64/wheel-0.45.1-py39h06a4308_0.conda#8309981240f7c45928a6a54ae70dceef
https://conda.anaconda.org/conda-forge/linux-64/ffmpeg-4.4.2-gpl_hdf48244_113.conda#08d463a9d1f6ce078a25ac96eb9e2083
https://repo.anaconda.com/pkgs/main/linux-64/git-2.45.2-pl5340h9abc3c3_1.conda#9a45ef4588d3adfdacd9da734fb23ac3
https://repo.anaconda.com/pkgs/main/linux-64/numpy-base-1.26.4-py39hb5e798b_0.conda#96499ee5c497355b9459fdd64d0ecefa
https://repo.anaconda.com/pkgs/main/noarch/pip-25.1-pyhc872135_2.conda#2778327d2a700153fefe0e69438b18e1
https://conda.anaconda.org/pytorch/linux-64/pytorch-1.12.1-py3.9_cuda11.6_cudnn8.3.2_0.tar.bz2#f2ba3900605d6ff6d7d8d929360f4708
https://repo.anaconda.com/pkgs/main/linux-64/mkl_fft-1.3.11-py39h5eee18b_0.conda#1931cc4de2b047b6f60858204b8c3f04
https://repo.anaconda.com/pkgs/main/linux-64/mkl_random-1.2.8-py39h1128e8f_0.conda#6d6f4e098a270c588c66bffc7f11f5bc
https://repo.anaconda.com/pkgs/main/linux-64/numpy-1.26.4-py39h5f9d8c6_0.conda#b8d34a8fccd1c9fc53d8a6ad499d7ddb
https://conda.anaconda.org/pytorch/linux-64/torchaudio-0.12.1-py39_cu116.tar.bz2#da4494f8728d9ff2d216b31c92995960
