# Generated by conda-lock.
# platform: linux-64
# input_hash: 4a166c1cd6d4a179399939a5df8ddc0f757b201ac2fe18709f0d176efe46b5e2
@EXPLICIT
https://repo.anaconda.com/pkgs/main/linux-64/_libgcc_mutex-0.1-main.conda#c3473ff8bdb3d124ed5ff11ec380d6f9
https://repo.anaconda.com/pkgs/main/linux-64/blas-1.0-mkl.conda#9a7a051e9bd41da46523acb017d8a517
https://repo.anaconda.com/pkgs/main/linux-64/ca-certificates-2025.2.25-h06a4308_0.conda#495015d24da8ad929e3ae2d18571016d
https://repo.anaconda.com/pkgs/main/linux-64/intel-openmp-2025.0.0-h06a4308_1171.conda#14d2a653d3d16ff441480811ae7ea030
https://repo.anaconda.com/pkgs/main/linux-64/ld_impl_linux-64-2.40-h12ee557_0.conda#ee672b5f635340734f58d618b7bca024
https://repo.anaconda.com/pkgs/main/linux-64/libgfortran4-7.5.0-ha8ba4b0_17.conda#e3883581cbf0a98672250c3e80d292bf
https://conda.anaconda.org/pytorch/noarch/pytorch-mutex-1.0-cpu.tar.bz2#49565ed726991fd28d08a39885caa88d
https://repo.anaconda.com/pkgs/main/noarch/tzdata-2025b-h04d1e81_0.conda#1d027393db3427ab22a02aa44a56f143
https://repo.anaconda.com/pkgs/main/linux-64/libgfortran-ng-7.5.0-ha8ba4b0_17.conda#ecb35c8952579d5c8dc56c6e076ba948
https://repo.anaconda.com/pkgs/main/linux-64/libgomp-11.2.0-h1234567_1.conda#b372c0eea9b60732fdae4b817a63c8cd
https://repo.anaconda.com/pkgs/main/linux-64/libstdcxx-ng-11.2.0-h1234567_1.conda#57623d10a70e09e1d048c2b2b6f4e2dd
https://repo.anaconda.com/pkgs/main/linux-64/_openmp_mutex-5.1-1_gnu.conda#71d281e9c2192cb3fa425655a8defb85
https://repo.anaconda.com/pkgs/main/linux-64/libgcc-ng-11.2.0-h1234567_1.conda#a87728dabf3151fb9cfa990bd2eb0464
https://repo.anaconda.com/pkgs/main/linux-64/bzip2-1.0.8-h5eee18b_6.conda#f21a3ff51c1b271977f53ce956a69297
https://repo.anaconda.com/pkgs/main/linux-64/gmp-6.3.0-h6a678d5_0.conda#90977af48eb673fed9ac42bf2e49c9aa
https://conda.anaconda.org/conda-forge/linux-64/libblas-3.8.0-11_h6e990d7_netlib.tar.bz2#03818c6747897c9acf2a8c4deaa6fce8
https://repo.anaconda.com/pkgs/main/linux-64/libffi-3.4.4-h6a678d5_1.conda#70646cc713f0c43926cfdcfe9b695fe0
https://repo.anaconda.com/pkgs/main/linux-64/libuuid-1.41.5-h5eee18b_0.conda#4a6a2354414c9080327274aa514e5299
https://repo.anaconda.com/pkgs/main/linux-64/ncurses-6.4-h6a678d5_0.conda#5558eec6e2191741a92f832ea826251c
https://repo.anaconda.com/pkgs/main/linux-64/openssl-3.0.16-h5eee18b_0.conda#5875526739afa058cfa84da1fa7a2ef4
https://repo.anaconda.com/pkgs/main/linux-64/tbb-2022.0.0-hdb19cb5_0.conda#afced58fcc48fe8627fb5b9c80d0897f
https://repo.anaconda.com/pkgs/main/linux-64/xz-5.6.4-h5eee18b_1.conda#3581505fa450962d631bd82b8616350e
https://repo.anaconda.com/pkgs/main/linux-64/yaml-0.2.5-h7b6447c_0.conda#39fdbf4db769e494ffb06d95680c83d8
https://repo.anaconda.com/pkgs/main/linux-64/zlib-1.2.13-h5eee18b_1.conda#92e42d8310108b0a440fb2e60b2b2a25
https://conda.anaconda.org/conda-forge/linux-64/libcblas-3.8.0-11_h6e990d7_netlib.tar.bz2#380ea536298bb6e53c13ec216c84cadc
https://conda.anaconda.org/conda-forge/linux-64/liblapack-3.8.0-11_h6e990d7_netlib.tar.bz2#2edda4e865f6b06247a442faf92419ec
https://repo.anaconda.com/pkgs/main/linux-64/llvm-openmp-14.0.6-h9e868ea_0.conda#ea4b8facb65d80d5520255fd331bae37
https://repo.anaconda.com/pkgs/main/linux-64/mpfr-4.2.1-h5eee18b_0.conda#eb7ccb111d9f20ad9b26113b0bdb8356
https://repo.anaconda.com/pkgs/main/linux-64/readline-8.2-h5eee18b_0.conda#be42180685cce6e6b0329201d9f48efb
https://repo.anaconda.com/pkgs/main/linux-64/tbb-devel-2022.0.0-hdb19cb5_0.conda#989a0e5007569f16b2c97a0d808715a7
https://repo.anaconda.com/pkgs/main/linux-64/tk-8.6.14-h39e8969_0.conda#78dbc5e3c69143ebc037fc5d5b22e597
https://repo.anaconda.com/pkgs/main/linux-64/mkl-2025.0.0-hacee8c2_941.conda#4a3cbf8f4cd5ef200a0f7d240013f70a
https://repo.anaconda.com/pkgs/main/linux-64/mpc-1.3.1-h5eee18b_0.conda#38c390d8dfac3d949fd8f5861a92cf1e
https://repo.anaconda.com/pkgs/main/linux-64/sqlite-3.45.3-h5eee18b_0.conda#acf93d6aceb74d6110e20b44cc45939e
https://repo.anaconda.com/pkgs/main/linux-64/python-3.10.16-he870216_1.conda#2e23313e7401de5e071765ad2fba894e
https://repo.anaconda.com/pkgs/main/linux-64/filelock-3.17.0-py310h06a4308_0.conda#63f25402cb992e9e411429d75e777475
https://conda.anaconda.org/conda-forge/noarch/fsspec-2025.3.2-pyhd8ed1ab_0.conda#9c40692c3d24c7aaf335f673ac09d308
https://repo.anaconda.com/pkgs/main/linux-64/gmpy2-2.2.1-py310h5eee18b_0.conda#721fce4f900474d342cc68c108d568bc
https://repo.anaconda.com/pkgs/main/linux-64/markupsafe-3.0.2-py310h5eee18b_0.conda#968c95cc112c6eb5c11ae980b0c92aa5
https://repo.anaconda.com/pkgs/main/linux-64/mpmath-1.3.0-py310h06a4308_0.conda#c2ef44c97672251ca5cb95abc0a5324e
https://repo.anaconda.com/pkgs/main/linux-64/networkx-3.2.1-py310h06a4308_0.conda#4b0edc10055d7a40677b5fa21169610d
https://conda.anaconda.org/conda-forge/linux-64/python_abi-3.10-2_cp310.tar.bz2#9e7160cd0d865e98f6803f1fe15c8b61
https://repo.anaconda.com/pkgs/main/linux-64/pyyaml-6.0.2-py310h5eee18b_0.conda#c4281651115e7150d7ec96b1c33fb948
https://repo.anaconda.com/pkgs/main/linux-64/setuptools-78.1.1-py310h06a4308_0.conda#08e7b8667fba78a78d0811083aa19e31
https://repo.anaconda.com/pkgs/main/linux-64/typing_extensions-4.12.2-py310h06a4308_0.conda#1c613d5f0909542de272aa78cda283c4
https://repo.anaconda.com/pkgs/main/linux-64/wheel-0.45.1-py310h06a4308_0.conda#c7517b367f4a5a73ff88a8e888492ca8
https://repo.anaconda.com/pkgs/main/linux-64/jinja2-3.1.6-py310h06a4308_0.conda#5e949106d53437257687016461746505
https://conda.anaconda.org/conda-forge/linux-64/numpy-1.22.3-py310h4ef5377_2.tar.bz2#6881d1a459458a4ec9f3c1b44ed024d9
https://repo.anaconda.com/pkgs/main/noarch/pip-25.1-pyhc872135_2.conda#2778327d2a700153fefe0e69438b18e1
https://repo.anaconda.com/pkgs/main/linux-64/sympy-1.13.3-py310h06a4308_1.conda#74574e5fd5578963e6480f71730aff09
https://conda.anaconda.org/pytorch/linux-64/pytorch-2.5.1-py3.10_cpu_0.tar.bz2#6a8ad04f0966f43cae538be8f692bc22
https://conda.anaconda.org/pytorch/linux-64/torchaudio-2.5.1-py310_cpu.tar.bz2#e4fe2c7a705297f665b51f0c3818344c
