# This file may be used to create an environment using:
# $ conda create --name <env> --file <this file>
# platform: linux-64
@EXPLICIT
https://conda.anaconda.org/conda-forge/linux-64/_libgcc_mutex-0.1-conda_forge.tar.bz2
https://repo.anaconda.com/pkgs/main/linux-64/blas-1.0-mkl.conda
https://repo.anaconda.com/pkgs/main/linux-64/ca-certificates-2023.08.22-h06a4308_0.conda
https://repo.anaconda.com/pkgs/main/noarch/font-ttf-dejavu-sans-mono-2.37-hd3eb1b0_0.conda
https://repo.anaconda.com/pkgs/main/noarch/font-ttf-inconsolata-2.001-hcb22688_0.conda
https://repo.anaconda.com/pkgs/main/noarch/font-ttf-source-code-pro-2.030-hd3eb1b0_0.conda
https://repo.anaconda.com/pkgs/main/noarch/font-ttf-ubuntu-0.83-h8b1ccd4_0.conda
https://repo.anaconda.com/pkgs/main/linux-64/ld_impl_linux-64-2.38-h1181459_1.conda
https://conda.anaconda.org/conda-forge/linux-64/libstdcxx-ng-13.2.0-h7e041cc_3.conda
https://conda.anaconda.org/pytorch/noarch/pytorch-mutex-1.0-cpu.tar.bz2
https://repo.anaconda.com/pkgs/main/noarch/tzdata-2023c-h04d1e81_0.conda
https://repo.anaconda.com/pkgs/main/noarch/fonts-anaconda-1-h8fa9717_0.conda
https://conda.anaconda.org/conda-forge/linux-64/libgomp-13.2.0-h807b86a_3.conda
https://conda.anaconda.org/conda-forge/linux-64/_openmp_mutex-4.5-2_gnu.tar.bz2
https://repo.anaconda.com/pkgs/main/noarch/fonts-conda-ecosystem-1-hd3eb1b0_0.conda
https://conda.anaconda.org/conda-forge/linux-64/libgcc-ng-13.2.0-h807b86a_3.conda
https://conda.anaconda.org/conda-forge/linux-64/aom-3.6.1-h59595ed_0.conda
https://repo.anaconda.com/pkgs/main/linux-64/bzip2-1.0.8-h7b6447c_0.conda
https://repo.anaconda.com/pkgs/main/linux-64/c-ares-1.19.1-h5eee18b_0.conda
https://repo.anaconda.com/pkgs/main/linux-64/expat-2.5.0-h6a678d5_0.conda
https://conda.anaconda.org/conda-forge/linux-64/gettext-0.21.1-h27087fc_0.tar.bz2
https://repo.anaconda.com/pkgs/main/linux-64/giflib-5.2.1-h5eee18b_3.conda
https://repo.anaconda.com/pkgs/main/linux-64/gmp-6.2.1-h295c915_3.conda
https://conda.anaconda.org/conda-forge/linux-64/icu-73.2-h59595ed_0.conda
https://repo.anaconda.com/pkgs/main/linux-64/jpeg-9e-h5eee18b_1.conda
https://repo.anaconda.com/pkgs/main/linux-64/lame-3.100-h7b6447c_0.conda
https://repo.anaconda.com/pkgs/main/linux-64/lerc-3.0-h295c915_0.conda
https://repo.anaconda.com/pkgs/main/linux-64/libdeflate-1.17-h5eee18b_1.conda
https://repo.anaconda.com/pkgs/main/linux-64/libev-4.33-h7f8727e_1.conda
https://repo.anaconda.com/pkgs/main/linux-64/libffi-3.4.4-h6a678d5_0.conda
https://conda.anaconda.org/conda-forge/linux-64/libiconv-1.17-h166bdaf_0.tar.bz2
https://repo.anaconda.com/pkgs/main/linux-64/libogg-1.3.5-h27cfd23_1.conda
https://repo.anaconda.com/pkgs/main/linux-64/libopus-1.3.1-h7b6447c_0.conda
https://conda.anaconda.org/conda-forge/linux-64/libpciaccess-0.17-h166bdaf_0.tar.bz2
https://repo.anaconda.com/pkgs/main/linux-64/libtasn1-4.19.0-h5eee18b_0.conda
https://repo.anaconda.com/pkgs/main/linux-64/libunistring-0.9.10-h27cfd23_0.conda
https://conda.anaconda.org/conda-forge/linux-64/libuuid-2.38.1-h0b41bf4_0.conda
https://repo.anaconda.com/pkgs/main/linux-64/libvpx-1.13.1-h6a678d5_0.conda
https://repo.anaconda.com/pkgs/main/linux-64/libwebp-base-1.3.2-h5eee18b_0.conda
https://repo.anaconda.com/pkgs/main/linux-64/libxcb-1.15-h7f8727e_0.conda
https://conda.anaconda.org/conda-forge/linux-64/libzlib-1.2.13-hd590300_5.conda
https://repo.anaconda.com/pkgs/main/linux-64/lz4-c-1.9.4-h6a678d5_0.conda
https://conda.anaconda.org/conda-forge/linux-64/mpg123-1.32.3-h59595ed_0.conda
https://repo.anaconda.com/pkgs/main/linux-64/ncurses-6.4-h6a678d5_0.conda
https://conda.anaconda.org/conda-forge/linux-64/nettle-3.8.1-hc379101_1.tar.bz2
https://conda.anaconda.org/conda-forge/linux-64/openh264-2.3.1-hcb278e6_2.conda
https://repo.anaconda.com/pkgs/main/linux-64/openssl-3.0.12-h7f8727e_0.conda
https://conda.anaconda.org/conda-forge/linux-64/svt-av1-1.4.1-hcb278e6_0.conda
https://repo.anaconda.com/pkgs/main/linux-64/tbb-2021.8.0-hdb19cb5_0.conda
https://conda.anaconda.org/conda-forge/linux-64/x264-1!164.3095-h166bdaf_2.tar.bz2
https://conda.anaconda.org/conda-forge/linux-64/x265-3.5-h924138e_3.tar.bz2
https://conda.anaconda.org/conda-forge/linux-64/xorg-kbproto-1.0.7-h7f98852_1002.tar.bz2
https://conda.anaconda.org/conda-forge/linux-64/xorg-libxau-1.0.11-hd590300_0.conda
https://conda.anaconda.org/conda-forge/linux-64/xorg-xextproto-7.3.0-h0b41bf4_1003.conda
https://repo.anaconda.com/pkgs/main/linux-64/xorg-xproto-7.0.31-h27cfd23_1007.conda
https://repo.anaconda.com/pkgs/main/linux-64/xz-5.4.2-h5eee18b_0.conda
https://conda.anaconda.org/conda-forge/linux-64/libdrm-2.4.114-h166bdaf_0.tar.bz2
https://repo.anaconda.com/pkgs/main/linux-64/libedit-3.1.20221030-h5eee18b_0.conda
https://conda.anaconda.org/conda-forge/linux-64/libflac-1.4.3-h59595ed_0.conda
https://repo.anaconda.com/pkgs/main/linux-64/libidn2-2.3.4-h5eee18b_0.conda
https://repo.anaconda.com/pkgs/main/linux-64/libssh2-1.10.0-hdbd6064_2.conda
https://repo.anaconda.com/pkgs/main/linux-64/libvorbis-1.3.7-h7b6447c_0.conda
https://conda.anaconda.org/conda-forge/linux-64/libxml2-2.11.5-h232c23b_1.conda
https://repo.anaconda.com/pkgs/main/linux-64/mpfr-4.0.2-hb69a4c5_1.conda
https://conda.anaconda.org/conda-forge/linux-64/p11-kit-0.24.1-hc5aa10d_0.tar.bz2
https://repo.anaconda.com/pkgs/main/linux-64/readline-8.2-h5eee18b_0.conda
https://conda.anaconda.org/conda-forge/linux-64/xorg-fixesproto-5.0-h7f98852_1002.tar.bz2
https://conda.anaconda.org/conda-forge/linux-64/xorg-libx11-1.8.7-h8ee46fc_0.conda
https://conda.anaconda.org/conda-forge/linux-64/zlib-1.2.13-hd590300_5.conda
https://repo.anaconda.com/pkgs/main/linux-64/gdbm-1.18-hd4cb3f1_4.conda
https://conda.anaconda.org/conda-forge/linux-64/gnutls-3.7.8-hf3e180e_0.tar.bz2
https://repo.anaconda.com/pkgs/main/linux-64/intel-openmp-2023.1.0-hdb19cb5_46306.conda
https://repo.anaconda.com/pkgs/main/linux-64/krb5-1.20.1-h143b758_1.conda
https://repo.anaconda.com/pkgs/main/linux-64/libnghttp2-1.57.0-h2d74bed_0.conda
https://repo.anaconda.com/pkgs/main/linux-64/libpng-1.6.39-h5eee18b_0.conda
https://conda.anaconda.org/conda-forge/linux-64/libsndfile-1.2.2-hc60ed4a_1.conda
https://repo.anaconda.com/pkgs/main/linux-64/mpc-1.1.0-h10f8cd9_1.conda
https://repo.anaconda.com/pkgs/main/linux-64/pcre2-10.42-hebb0a14_0.conda
https://repo.anaconda.com/pkgs/main/linux-64/sqlite-3.41.2-h5eee18b_0.conda
https://repo.anaconda.com/pkgs/main/linux-64/tk-8.6.12-h1ccaba5_0.conda
https://conda.anaconda.org/conda-forge/linux-64/xorg-libxext-1.3.4-h0b41bf4_2.conda
https://conda.anaconda.org/conda-forge/linux-64/xorg-libxfixes-5.0.3-h7f98852_1004.tar.bz2
https://repo.anaconda.com/pkgs/main/linux-64/zstd-1.5.5-hc292b87_0.conda
https://repo.anaconda.com/pkgs/main/linux-64/freetype-2.12.1-h4a9f257_0.conda
https://repo.anaconda.com/pkgs/main/linux-64/libcurl-8.4.0-h251f7ec_0.conda
https://repo.anaconda.com/pkgs/main/linux-64/libtiff-4.5.1-h6a678d5_0.conda
https://conda.anaconda.org/conda-forge/linux-64/libva-2.20.0-hd590300_0.conda
https://repo.anaconda.com/pkgs/main/linux-64/mkl-2023.1.0-h213fc3f_46344.conda
https://repo.anaconda.com/pkgs/main/linux-64/perl-5.34.0-h5eee18b_2.conda
https://repo.anaconda.com/pkgs/main/linux-64/python-3.9.18-h955ad1f_0.conda
https://repo.anaconda.com/pkgs/main/linux-64/brotli-python-1.0.9-py39h6a678d5_7.conda
https://repo.anaconda.com/pkgs/main/linux-64/certifi-2023.7.22-py39h06a4308_0.conda
https://repo.anaconda.com/pkgs/main/noarch/charset-normalizer-2.0.4-pyhd3eb1b0_0.conda
https://repo.anaconda.com/pkgs/main/linux-64/curl-8.4.0-hdbd6064_0.conda
https://repo.anaconda.com/pkgs/main/linux-64/filelock-3.9.0-py39h06a4308_0.conda
https://conda.anaconda.org/conda-forge/linux-64/fontconfig-2.14.2-h14ed4e7_0.conda
https://repo.anaconda.com/pkgs/main/linux-64/gmpy2-2.1.2-py39heeb90bb_0.conda
https://repo.anaconda.com/pkgs/main/linux-64/idna-3.4-py39h06a4308_0.conda
https://repo.anaconda.com/pkgs/main/linux-64/lcms2-2.12-h3be6417_0.conda
https://repo.anaconda.com/pkgs/main/linux-64/libwebp-1.3.2-h11a3e52_0.conda
https://repo.anaconda.com/pkgs/main/linux-64/markupsafe-2.1.1-py39h7f8727e_0.conda
https://repo.anaconda.com/pkgs/main/linux-64/mkl-service-2.4.0-py39h5eee18b_1.conda
https://repo.anaconda.com/pkgs/main/linux-64/mpmath-1.3.0-py39h06a4308_0.conda
https://repo.anaconda.com/pkgs/main/linux-64/networkx-3.1-py39h06a4308_0.conda
https://repo.anaconda.com/pkgs/main/linux-64/openjpeg-2.4.0-h3ad879b_0.conda
https://repo.anaconda.com/pkgs/main/noarch/pycparser-2.21-pyhd3eb1b0_0.conda
https://repo.anaconda.com/pkgs/main/linux-64/pysocks-1.7.1-py39h06a4308_0.conda
https://repo.anaconda.com/pkgs/main/linux-64/setuptools-68.0.0-py39h06a4308_0.conda
https://repo.anaconda.com/pkgs/main/linux-64/typing_extensions-4.7.1-py39h06a4308_0.conda
https://repo.anaconda.com/pkgs/main/linux-64/wheel-0.41.2-py39h06a4308_0.conda
https://repo.anaconda.com/pkgs/main/linux-64/cffi-1.15.1-py39h5eee18b_3.conda
https://conda.anaconda.org/conda-forge/linux-64/ffmpeg-4.4.2-gpl_hdf48244_113.conda
https://repo.anaconda.com/pkgs/main/linux-64/git-2.40.1-pl5340h36fbf9e_1.conda
https://repo.anaconda.com/pkgs/main/linux-64/jinja2-3.1.2-py39h06a4308_0.conda
https://repo.anaconda.com/pkgs/main/linux-64/numpy-base-1.23.5-py39h060ed82_1.conda
https://repo.anaconda.com/pkgs/main/linux-64/pillow-10.0.1-py39ha6cbd5a_0.conda
https://repo.anaconda.com/pkgs/main/linux-64/pip-23.3-py39h06a4308_0.conda
https://repo.anaconda.com/pkgs/main/linux-64/sympy-1.11.1-py39h06a4308_0.conda
https://repo.anaconda.com/pkgs/main/linux-64/cryptography-41.0.3-py39hdda0065_0.conda
https://conda.anaconda.org/pytorch/linux-64/pytorch-2.0.1-py3.9_cpu_0.tar.bz2
https://repo.anaconda.com/pkgs/main/linux-64/pyopenssl-23.2.0-py39h06a4308_0.conda
https://repo.anaconda.com/pkgs/main/linux-64/urllib3-1.26.18-py39h06a4308_0.conda
https://repo.anaconda.com/pkgs/main/linux-64/requests-2.31.0-py39h06a4308_0.conda
https://repo.anaconda.com/pkgs/main/linux-64/mkl_fft-1.3.8-py39h5eee18b_0.conda
https://repo.anaconda.com/pkgs/main/linux-64/mkl_random-1.2.4-py39hdb19cb5_0.conda
https://repo.anaconda.com/pkgs/main/linux-64/numpy-1.23.5-py39hf6e8229_1.conda
https://conda.anaconda.org/pytorch/linux-64/torchaudio-2.0.2-py39_cpu.tar.bz2
https://conda.anaconda.org/pytorch/linux-64/torchvision-0.15.2-py39_cpu.tar.bz2
