# Generated by conda-lock.
# platform: linux-64
# input_hash: 7868213d10452627780b2b4dedf8660179ded842d36daa8f5e73933bceff55aa
@EXPLICIT
https://repo.anaconda.com/pkgs/main/linux-64/_libgcc_mutex-0.1-main.conda#c3473ff8bdb3d124ed5ff11ec380d6f9
https://repo.anaconda.com/pkgs/main/noarch/_sysroot_linux-64_curr_repodata_hack-3-haa98f57_10.tar.bz2#3d11810264df927797876ba64fd2a714
https://repo.anaconda.com/pkgs/main/linux-64/blas-1.0-mkl.conda#9a7a051e9bd41da46523acb017d8a517
https://repo.anaconda.com/pkgs/main/linux-64/ca-certificates-2025.2.25-h06a4308_0.conda#495015d24da8ad929e3ae2d18571016d
https://repo.anaconda.com/pkgs/main/linux-64/cccl-2.3.2-h2c7f797_0.conda#00fb93f5d3103b6627336dc0c6aae033
https://conda.anaconda.org/nvidia/linux-64/cuda-cudart-12.1.105-0.tar.bz2#001823a01c0d49300fd9622c4578eb40
https://conda.anaconda.org/nvidia/linux-64/cuda-cupti-12.1.105-0.tar.bz2#c0bfa9a714fd8099e085c70ab2ebe6ec
https://conda.anaconda.org/nvidia/linux-64/cuda-documentation-12.4.127-0.tar.bz2#1410656e3b0350b35549c922c5dfdb53
https://conda.anaconda.org/nvidia/linux-64/cuda-nvcc-12.4.131-0.tar.bz2#3fbe761aaf3b7602f107f75008c3a4de
https://conda.anaconda.org/nvidia/linux-64/cuda-nvrtc-12.1.105-0.tar.bz2#12c15423c4eeb41fee6df3a2e5ab53ab
https://conda.anaconda.org/nvidia/linux-64/cuda-nvtx-12.1.105-0.tar.bz2#813ed3c0b687b8bb5daebf43889d8317
https://repo.anaconda.com/pkgs/main/noarch/cuda-version-12.4-hbda6634_3.conda#01da91cd7f8aacc5c5ed2bf2e7ab14dd
https://repo.anaconda.com/pkgs/main/linux-64/intel-openmp-2025.0.0-h06a4308_1171.conda#14d2a653d3d16ff441480811ae7ea030
https://repo.anaconda.com/pkgs/main/linux-64/ld_impl_linux-64-2.40-h12ee557_0.conda#ee672b5f635340734f58d618b7bca024
https://conda.anaconda.org/nvidia/linux-64/libcublas-12.1.0.26-0.tar.bz2#74f872929a02e01ef746a064fa46a80c
https://conda.anaconda.org/nvidia/linux-64/libcufft-11.0.2.4-0.tar.bz2#b53f7ea28a363eb6d218bcbffb9d26aa
https://conda.anaconda.org/nvidia/linux-64/libcusolver-11.4.4.55-0.tar.bz2#2d2fe4a7af91ec8a1eee7f1f0cf7b050
https://conda.anaconda.org/nvidia/linux-64/libcusparse-12.0.2.55-0.tar.bz2#c295ea64ea0654af0cbe833431de6daa
https://repo.anaconda.com/pkgs/main/linux-64/libgfortran4-7.5.0-ha8ba4b0_17.conda#e3883581cbf0a98672250c3e80d292bf
https://conda.anaconda.org/nvidia/linux-64/libnpp-12.0.2.50-0.tar.bz2#072e390c1e0e4909bdd7508dd6af1474
https://conda.anaconda.org/nvidia/linux-64/libnvjitlink-12.1.105-0.tar.bz2#0155acf6f5117613ba17c65d9be4f2f1
https://conda.anaconda.org/nvidia/linux-64/libnvjpeg-12.1.1.14-0.tar.bz2#4dea93d43adfd03388b31f2ae9892558
https://conda.anaconda.org/nvidia/linux-64/libnvvm-samples-12.1.105-0.tar.bz2#50b049790eb60933f1dc99a88b3ea1ed
https://repo.anaconda.com/pkgs/main/linux-64/libstdcxx-devel_linux-64-11.2.0-h1234567_1.conda#1b838d355c9c962e0e822d0eda7564fa
https://conda.anaconda.org/pytorch/noarch/pytorch-mutex-1.0-cuda.tar.bz2#a948316e36fb5b11223b3fcfa93f8358
https://repo.anaconda.com/pkgs/main/noarch/tzdata-2025b-h04d1e81_0.conda#1d027393db3427ab22a02aa44a56f143
https://repo.anaconda.com/pkgs/main/noarch/cuda-cccl_linux-64-12.4.127-h06a4308_2.conda#635ae6321d2338f4f43f8c0315d2dc04
https://repo.anaconda.com/pkgs/main/noarch/cuda-cudart-static_linux-64-12.4.127-hd681fbe_0.conda#ecd992f4129cbcfd70f5ee39b8f7a508
https://repo.anaconda.com/pkgs/main/noarch/cuda-driver-dev_linux-64-12.4.127-hd681fbe_0.conda#132674811b751bf58bcfdaae738d2bfe
https://repo.anaconda.com/pkgs/main/linux-64/cuda-nsight-12.4.127-h06a4308_1.conda#37380dc48d556d8af0d44903f6733ec7
https://conda.anaconda.org/nvidia/linux-64/cuda-nvrtc-dev-12.1.105-0.tar.bz2#efd34c7e894b08088f367853741d7716
https://repo.anaconda.com/pkgs/main/noarch/kernel-headers_linux-64-3.10.0-h57e8cba_10.tar.bz2#e3bd6db33d8c10ba1f0ec109df503827
https://conda.anaconda.org/nvidia/linux-64/libcublas-dev-12.1.0.26-0.tar.bz2#41600d150d936797554be8c9ecec7570
https://conda.anaconda.org/nvidia/linux-64/libcufft-dev-11.0.2.4-0.tar.bz2#495aa4c22b1310d07ed07dd50b9d5ba6
https://conda.anaconda.org/nvidia/linux-64/libcusolver-dev-11.4.4.55-0.tar.bz2#6609c0761e659b5624211b929593b15a
https://conda.anaconda.org/nvidia/linux-64/libcusparse-dev-12.0.2.55-0.tar.bz2#f4b1cb0bdeabd4269a43fca8a762f0a2
https://repo.anaconda.com/pkgs/main/linux-64/libgcc-devel_linux-64-11.2.0-h1234567_1.conda#f667c768c8bfce044f2623c84321e2c5
https://repo.anaconda.com/pkgs/main/linux-64/libgfortran-ng-7.5.0-ha8ba4b0_17.conda#ecb35c8952579d5c8dc56c6e076ba948
https://repo.anaconda.com/pkgs/main/linux-64/libgomp-11.2.0-h1234567_1.conda#b372c0eea9b60732fdae4b817a63c8cd
https://conda.anaconda.org/nvidia/linux-64/libnpp-dev-12.0.2.50-0.tar.bz2#82198411e06b54727a4faf94fb5c4711
https://conda.anaconda.org/nvidia/linux-64/libnvjitlink-dev-12.1.105-0.tar.bz2#9c7cca7e603be28b51c6ec5011478359
https://conda.anaconda.org/nvidia/linux-64/libnvjpeg-dev-12.1.1.14-0.tar.bz2#fceb4d4ef73aa88beac4899b61c8371e
https://repo.anaconda.com/pkgs/main/linux-64/libnvjpeg-static-12.3.1.117-h06a4308_1.conda#ed2e4129d160c20544c34c065cb46742
https://repo.anaconda.com/pkgs/main/linux-64/libstdcxx-ng-11.2.0-h1234567_1.conda#57623d10a70e09e1d048c2b2b6f4e2dd
https://repo.anaconda.com/pkgs/main/linux-64/_openmp_mutex-5.1-1_gnu.conda#71d281e9c2192cb3fa425655a8defb85
https://repo.anaconda.com/pkgs/main/linux-64/cuda-cccl-12.4.127-h06a4308_2.conda#ff45d33ee6922f8450f1f7c31f0f5b58
https://repo.anaconda.com/pkgs/main/noarch/sysroot_linux-64-2.17-h57e8cba_10.tar.bz2#daa11b19c141284d62536ba03f4c73aa
https://repo.anaconda.com/pkgs/main/linux-64/binutils_impl_linux-64-2.40-h5293946_0.conda#4e917a1cfafd2ac6c5b47fb17f6e2ab6
https://conda.anaconda.org/nvidia/linux-64/cuda-cudart-dev-12.1.105-0.tar.bz2#accec90e42a0c11db1dd946031f3842f
https://repo.anaconda.com/pkgs/main/linux-64/libgcc-ng-11.2.0-h1234567_1.conda#a87728dabf3151fb9cfa990bd2eb0464
https://repo.anaconda.com/pkgs/main/linux-64/binutils-2.40-h1680402_0.conda#8f04d5d760c63776493550364782f42e
https://repo.anaconda.com/pkgs/main/linux-64/binutils_linux-64-2.40.0-hc2dff05_2.conda#60c04e920959e3988c668e3cedf40974
https://repo.anaconda.com/pkgs/main/linux-64/bzip2-1.0.8-h5eee18b_6.conda#f21a3ff51c1b271977f53ce956a69297
https://repo.anaconda.com/pkgs/main/linux-64/cuda-cudart-static-12.4.127-h99ab3db_0.conda#02c01b74bb523258f2c285d4133ef3e2
https://repo.anaconda.com/pkgs/main/linux-64/cuda-cuxxfilt-12.4.127-h6a678d5_1.conda#db72c0470348f17531b33de0b8906dc2
https://repo.anaconda.com/pkgs/main/linux-64/cuda-driver-dev-12.4.127-h99ab3db_0.conda#1ee4f8e1bf076ae20b73757d3e5ba456
https://repo.anaconda.com/pkgs/main/linux-64/cuda-nvdisasm-12.4.127-h6a678d5_1.conda#43e5ccac1b264cb36adb76f31a31971e
https://repo.anaconda.com/pkgs/main/linux-64/cuda-nvml-dev-12.4.127-h6a678d5_1.conda#03e07fdf35fa22bcce91ab6b165f9506
https://repo.anaconda.com/pkgs/main/linux-64/cuda-nvprof-12.4.127-h6a678d5_1.conda#cdf46267853fe8ae5f067ee020b27125
https://repo.anaconda.com/pkgs/main/linux-64/cuda-nvprune-12.4.127-h6a678d5_1.conda#1efe4fa4207a87827b88b48dc6c836f1
https://repo.anaconda.com/pkgs/main/linux-64/cuda-nvrtc-static-12.4.127-h99ab3db_1.conda#231320a1937be6a1a983424fdbc310f5
https://repo.anaconda.com/pkgs/main/linux-64/cuda-profiler-api-12.4.127-h06a4308_1.conda#cb2c59c07ba43d0b7ffae10f3ef58b97
https://repo.anaconda.com/pkgs/main/linux-64/cuda-sanitizer-api-12.4.127-h99ab3db_1.conda#e265fcf1684a4977ae469ca7c248cf81
https://repo.anaconda.com/pkgs/main/linux-64/expat-2.7.1-h6a678d5_0.conda#269942a9f3f943e2e5d8a2516a861f7c
https://repo.anaconda.com/pkgs/main/linux-64/gcc_impl_linux-64-11.2.0-h1234567_1.conda#d3fa9d40b5dcc3f227b78bf2fdc2bf2c
https://repo.anaconda.com/pkgs/main/linux-64/gmp-6.3.0-h6a678d5_0.conda#90977af48eb673fed9ac42bf2e49c9aa
https://repo.anaconda.com/pkgs/main/linux-64/icu-73.1-h6a678d5_0.conda#6d09df641fc23f7d277a04dc7ea32dd4
https://conda.anaconda.org/conda-forge/linux-64/libblas-3.8.0-11_h6e990d7_netlib.tar.bz2#03818c6747897c9acf2a8c4deaa6fce8
https://repo.anaconda.com/pkgs/main/linux-64/libcublas-static-12.4.5.8-h99ab3db_1.conda#0b9818fd1915eec1bf382b1aeb0934d7
https://repo.anaconda.com/pkgs/main/linux-64/libcufft-static-11.2.1.3-h99ab3db_1.conda#25a45f0e4e52fc6923e310181c34e8cc
https://repo.anaconda.com/pkgs/main/linux-64/libcufile-1.9.1.3-h99ab3db_1.conda#f8f64190ee33dade0285e40542d292cf
https://repo.anaconda.com/pkgs/main/linux-64/libcufile-static-1.9.1.3-h99ab3db_1.conda#db0659ba7ab336e0dd31ffa1c26d79f5
https://repo.anaconda.com/pkgs/main/linux-64/libcurand-10.3.5.147-h99ab3db_1.conda#90c5387d4d88ea2162ac43a8d89412ac
https://repo.anaconda.com/pkgs/main/linux-64/libcurand-static-10.3.5.147-h99ab3db_1.conda#aa9289a1cfead9b2e789a9bdd007ea24
https://repo.anaconda.com/pkgs/main/linux-64/libffi-3.4.4-h6a678d5_1.conda#70646cc713f0c43926cfdcfe9b695fe0
https://repo.anaconda.com/pkgs/main/linux-64/libiconv-1.16-h5eee18b_3.conda#197b1a0886a31fccab2167340528eebc
https://repo.anaconda.com/pkgs/main/linux-64/libnpp-static-12.2.5.30-h99ab3db_1.conda#124f47a616589cb351a9b1d5a42899e1
https://repo.anaconda.com/pkgs/main/linux-64/libnvfatbin-12.4.127-h7934f7d_2.conda#147e1383eac4337a79fcc10cde9512ed
https://repo.anaconda.com/pkgs/main/linux-64/libnvfatbin-static-12.4.127-h7934f7d_2.conda#9d961791c3d8f5ff346eef4651cc31bc
https://repo.anaconda.com/pkgs/main/linux-64/libnvjitlink-static-12.4.127-h99ab3db_1.conda#57c9e3ea250cb68841805c13409591a3
https://repo.anaconda.com/pkgs/main/linux-64/libuuid-1.41.5-h5eee18b_0.conda#4a6a2354414c9080327274aa514e5299
https://repo.anaconda.com/pkgs/main/linux-64/ncurses-6.4-h6a678d5_0.conda#5558eec6e2191741a92f832ea826251c
https://repo.anaconda.com/pkgs/main/linux-64/nspr-4.35-h6a678d5_0.conda#208fff5d60133bcff6998a70c9f5203b
https://repo.anaconda.com/pkgs/main/linux-64/ocl-icd-2.3.2-h5eee18b_1.conda#81e9f0bc469acfa3cd76b6c0440e2fd7
https://repo.anaconda.com/pkgs/main/linux-64/openssl-3.0.16-h5eee18b_0.conda#5875526739afa058cfa84da1fa7a2ef4
https://repo.anaconda.com/pkgs/main/linux-64/pthread-stubs-0.3-h0ce48e5_1.conda#973a642312d2a28927aaf5b477c67250
https://repo.anaconda.com/pkgs/main/linux-64/tbb-2022.0.0-hdb19cb5_0.conda#afced58fcc48fe8627fb5b9c80d0897f
https://repo.anaconda.com/pkgs/main/linux-64/xorg-libxau-1.0.12-h9b100fa_0.conda#a8005a9f6eb903e113cd5363e8a11459
https://repo.anaconda.com/pkgs/main/linux-64/xorg-libxdmcp-1.1.5-h9b100fa_0.conda#c284a09ddfba81d9c4e740110f09ea06
https://repo.anaconda.com/pkgs/main/linux-64/xorg-xorgproto-2024.1-h5eee18b_1.conda#412a0d97a7a51d23326e57226189da92
https://repo.anaconda.com/pkgs/main/linux-64/xz-5.6.4-h5eee18b_1.conda#3581505fa450962d631bd82b8616350e
https://repo.anaconda.com/pkgs/main/linux-64/yaml-0.2.5-h7b6447c_0.conda#39fdbf4db769e494ffb06d95680c83d8
https://repo.anaconda.com/pkgs/main/linux-64/zlib-1.2.13-h5eee18b_1.conda#92e42d8310108b0a440fb2e60b2b2a25
https://repo.anaconda.com/pkgs/main/linux-64/cuda-cuobjdump-12.4.127-h6a678d5_1.conda#44bcc008900087068b81f195cc7c8ef6
https://repo.anaconda.com/pkgs/main/linux-64/cuda-gdb-12.4.127-h122497a_1.conda#981e1dc5b846fb19d32687f3c6bdf256
https://repo.anaconda.com/pkgs/main/linux-64/cuda-nvvp-12.4.127-h6a678d5_1.conda#442f4d5ee83184df9e5fa8a634ee6c8c
https://repo.anaconda.com/pkgs/main/linux-64/cuda-opencl-12.4.127-h6a678d5_0.conda#4c631396b2bd38a946728126cc8a0508
https://repo.anaconda.com/pkgs/main/linux-64/gcc_linux-64-11.2.0-h5c386dc_2.conda#6693c6ca75867dbabf271415bd5ed81a
https://repo.anaconda.com/pkgs/main/linux-64/gds-tools-1.9.1.3-h99ab3db_1.conda#dea5ad4372d1a7857ab16bd96b05470f
https://repo.anaconda.com/pkgs/main/linux-64/gxx_impl_linux-64-11.2.0-h1234567_1.conda#ec50e36f61b272654fc17378c7b0b33d
https://conda.anaconda.org/conda-forge/linux-64/libcblas-3.8.0-11_h6e990d7_netlib.tar.bz2#380ea536298bb6e53c13ec216c84cadc
https://repo.anaconda.com/pkgs/main/linux-64/libcufile-dev-1.9.1.3-h99ab3db_1.conda#dfb79126ec1f10719d86fec644672f27
https://repo.anaconda.com/pkgs/main/linux-64/libcurand-dev-10.3.5.147-h99ab3db_1.conda#4305e6c42fbae41d751d2b51f9c96695
https://repo.anaconda.com/pkgs/main/linux-64/libcusparse-static-12.3.1.170-h99ab3db_1.conda#279c8505f2d0e6779a20bd902c4e83e2
https://repo.anaconda.com/pkgs/main/linux-64/libedit-3.1.20230828-h5eee18b_0.conda#850eb5a9d2d7d3c66cce12e84406ca08
https://conda.anaconda.org/conda-forge/linux-64/liblapack-3.8.0-11_h6e990d7_netlib.tar.bz2#2edda4e865f6b06247a442faf92419ec
https://repo.anaconda.com/pkgs/main/linux-64/libnvfatbin-dev-12.4.127-h7934f7d_2.conda#359c224347886a89d591c34d7cef01b1
https://repo.anaconda.com/pkgs/main/linux-64/libpng-1.6.39-h5eee18b_0.conda#f6aee38184512eb05b06c2e94d39ab22
https://repo.anaconda.com/pkgs/main/linux-64/libxcb-1.17.0-h9b100fa_0.conda#fdf0d380fa3809a301e2dbc0d5183883
https://repo.anaconda.com/pkgs/main/linux-64/libxml2-2.13.8-hfdd30dd_0.conda#6da89b526f12f128af101c3f70d12c6d
https://repo.anaconda.com/pkgs/main/linux-64/llvm-openmp-14.0.6-h9e868ea_0.conda#ea4b8facb65d80d5520255fd331bae37
https://repo.anaconda.com/pkgs/main/linux-64/mpfr-4.2.1-h5eee18b_0.conda#eb7ccb111d9f20ad9b26113b0bdb8356
https://repo.anaconda.com/pkgs/main/linux-64/pcre2-10.42-hebb0a14_1.conda#727e15c3cfa02b032da4eb0c1123e977
https://repo.anaconda.com/pkgs/main/linux-64/readline-8.2-h5eee18b_0.conda#be42180685cce6e6b0329201d9f48efb
https://repo.anaconda.com/pkgs/main/linux-64/tbb-devel-2022.0.0-hdb19cb5_0.conda#989a0e5007569f16b2c97a0d808715a7
https://repo.anaconda.com/pkgs/main/linux-64/tk-8.6.14-h39e8969_0.conda#78dbc5e3c69143ebc037fc5d5b22e597
https://conda.anaconda.org/nvidia/linux-64/cuda-command-line-tools-12.1.1-0.tar.bz2#638ae22f7ab22136e8a7544121467979
https://conda.anaconda.org/nvidia/linux-64/cuda-libraries-12.1.0-0.tar.bz2#8c08238819848e471a6213db526dbf15
https://repo.anaconda.com/pkgs/main/linux-64/cuda-opencl-dev-12.4.127-h6a678d5_0.conda#f00e903d7a1cd9ccc393ef773d726289
https://repo.anaconda.com/pkgs/main/linux-64/freetype-2.13.3-h4a9f257_0.conda#47113ca1b80dae5fcf0715571267fdef
https://repo.anaconda.com/pkgs/main/linux-64/gxx_linux-64-11.2.0-hc2dff05_2.conda#28e1e7cd042adb3376be1c379172c705
https://repo.anaconda.com/pkgs/main/linux-64/krb5-1.20.1-h143b758_1.conda#cf1accc86321fa25d6b978cc748039ae
https://repo.anaconda.com/pkgs/main/linux-64/libcusolver-static-11.6.1.9-h99ab3db_1.conda#5169f877214494bea1a6127c224c279f
https://repo.anaconda.com/pkgs/main/linux-64/libglib-2.78.4-hdc74915_0.conda#2f6d27741e931d5b6ba56e1a1312aaf0
https://repo.anaconda.com/pkgs/main/linux-64/mkl-2025.0.0-hacee8c2_941.conda#4a3cbf8f4cd5ef200a0f7d240013f70a
https://repo.anaconda.com/pkgs/main/linux-64/mpc-1.3.1-h5eee18b_0.conda#38c390d8dfac3d949fd8f5861a92cf1e
https://repo.anaconda.com/pkgs/main/linux-64/sqlite-3.45.3-h5eee18b_0.conda#acf93d6aceb74d6110e20b44cc45939e
https://repo.anaconda.com/pkgs/main/linux-64/xorg-libx11-1.8.12-h9b100fa_1.conda#6298b27afae6f49f03765b2a03df2fcb
https://repo.anaconda.com/pkgs/main/linux-64/cuda-compiler-12.4.1-h6a678d5_1.conda#37b7254e6a6472a264b39f4c336aa2e4
https://conda.anaconda.org/nvidia/linux-64/cuda-libraries-dev-12.6.2-0.conda#5b7158ef6fd3533928116d8559790792
https://repo.anaconda.com/pkgs/main/linux-64/cuda-libraries-static-12.4.1-h06a4308_1.conda#770a2e3ef7cdb7725ad4515d52cb7e6e
https://conda.anaconda.org/nvidia/linux-64/cuda-runtime-12.1.0-0.tar.bz2#95e8c2f09ec28cce7cdecd6200b5d26e
https://repo.anaconda.com/pkgs/main/linux-64/fontconfig-2.14.1-h55d465d_3.conda#3c63ea2bfc6d5ff6ac4173817f550d75
https://repo.anaconda.com/pkgs/main/linux-64/glib-tools-2.78.4-h6a678d5_0.conda#3dbe6227cd59818dca9afb75ccb70708
https://repo.anaconda.com/pkgs/main/linux-64/nss-3.89.1-h6a678d5_0.conda#4d9d28fc3a0ca4916f281d2f5429ac50
https://repo.anaconda.com/pkgs/main/linux-64/python-3.10.16-he870216_1.conda#2e23313e7401de5e071765ad2fba894e
https://repo.anaconda.com/pkgs/main/linux-64/xkeyboard-config-2.44-h5eee18b_0.conda#5fe0fb20e4db2b20b7e91a6dc4b912f1
https://repo.anaconda.com/pkgs/main/linux-64/filelock-3.17.0-py310h06a4308_0.conda#63f25402cb992e9e411429d75e777475
https://conda.anaconda.org/conda-forge/noarch/fsspec-2025.3.2-pyhd8ed1ab_0.conda#9c40692c3d24c7aaf335f673ac09d308
https://repo.anaconda.com/pkgs/main/linux-64/glib-2.78.4-h6a678d5_0.conda#045ff487547f7b2b7ff01648681b8ebe
https://repo.anaconda.com/pkgs/main/linux-64/gmpy2-2.2.1-py310h5eee18b_0.conda#721fce4f900474d342cc68c108d568bc
https://repo.anaconda.com/pkgs/main/linux-64/libxkbcommon-1.9.1-h69220b7_0.conda#9463cf4b8ae22a220f3c5f9ea9d93d09
https://repo.anaconda.com/pkgs/main/linux-64/markupsafe-3.0.2-py310h5eee18b_0.conda#968c95cc112c6eb5c11ae980b0c92aa5
https://repo.anaconda.com/pkgs/main/linux-64/mpmath-1.3.0-py310h06a4308_0.conda#c2ef44c97672251ca5cb95abc0a5324e
https://repo.anaconda.com/pkgs/main/linux-64/networkx-3.2.1-py310h06a4308_0.conda#4b0edc10055d7a40677b5fa21169610d
https://conda.anaconda.org/conda-forge/linux-64/python_abi-3.10-2_cp310.tar.bz2#9e7160cd0d865e98f6803f1fe15c8b61
https://conda.anaconda.org/pytorch/linux-64/pytorch-cuda-12.1-ha16c6d3_6.tar.bz2#0e94331f6f87bff1c229da02b0508693
https://repo.anaconda.com/pkgs/main/linux-64/pyyaml-6.0.2-py310h5eee18b_0.conda#c4281651115e7150d7ec96b1c33fb948
https://repo.anaconda.com/pkgs/main/linux-64/setuptools-78.1.1-py310h06a4308_0.conda#08e7b8667fba78a78d0811083aa19e31
https://repo.anaconda.com/pkgs/main/linux-64/typing_extensions-4.12.2-py310h06a4308_0.conda#1c613d5f0909542de272aa78cda283c4
https://repo.anaconda.com/pkgs/main/linux-64/wheel-0.45.1-py310h06a4308_0.conda#c7517b367f4a5a73ff88a8e888492ca8
https://repo.anaconda.com/pkgs/main/linux-64/dbus-1.13.18-hb2f20db_0.conda#6a6a6f1391f807847404344489ef6cf4
https://repo.anaconda.com/pkgs/main/linux-64/jinja2-3.1.6-py310h06a4308_0.conda#5e949106d53437257687016461746505
https://conda.anaconda.org/conda-forge/linux-64/numpy-1.22.3-py310h4ef5377_2.tar.bz2#6881d1a459458a4ec9f3c1b44ed024d9
https://repo.anaconda.com/pkgs/main/noarch/pip-25.1-pyhc872135_2.conda#2778327d2a700153fefe0e69438b18e1
https://repo.anaconda.com/pkgs/main/linux-64/sympy-1.13.3-py310h06a4308_1.conda#74574e5fd5578963e6480f71730aff09
https://repo.anaconda.com/pkgs/main/linux-64/nsight-compute-2024.1.1.4-h968f9c8_2.conda#5c1b56a23915dda1117352cfed73ad87
https://conda.anaconda.org/nvidia/linux-64/cuda-visual-tools-12.6.2-0.conda#3b641cd57e51323e2d674318b533dc1a
https://conda.anaconda.org/nvidia/linux-64/cuda-tools-12.1.1-0.tar.bz2#1296be3d3ef63e9c60574ee244942282
https://conda.anaconda.org/nvidia/linux-64/cuda-toolkit-12.1.0-0.tar.bz2#bb876165ea7f246620641bbbcbcd78a0
https://conda.anaconda.org/pytorch/linux-64/pytorch-2.1.0-py3.10_cuda12.1_cudnn8.9.2_0.tar.bz2#af39dbbb6ab1305e4b504a51acecffd4
https://conda.anaconda.org/pytorch/linux-64/torchaudio-2.1.0-py310_cu121.tar.bz2#ac20c73a1675f25ab0de5f5ea8cfbce7
https://conda.anaconda.org/pytorch/linux-64/torchtriton-2.1.0-py310.tar.bz2#5ef34d1428f3ea5dbe520c67d74048a5
